{
  "pins" : [
    {
      "identity" : "cloudkid",
      "kind" : "remoteSourceControl",
      "location" : "https://github.com/flowtoolz/CloudKid.git",
      "state" : {
        "revision" : "9fbadc4a7fd69f5ff326da18edf4a6c31ab91575",
        "version" : "0.1.0"
      }
    },
    {
      "identity" : "foundationtoolz",
      "kind" : "remoteSourceControl",
      "location" : "https://github.com/flowtoolz/FoundationToolz.git",
      "state" : {
        "revision" : "b4d56c6428ed2e47128d2180422c4f0734e68a2d",
        "version" : "0.1.2"
      }
    },
    {
      "identity" : "getlaid",
      "kind" : "remoteSourceControl",
      "location" : "https://github.com/flowtoolz/GetLaid.git",
      "state" : {
        "branch" : "master",
        "revision" : "a4ee1ab503cb52122fe30694d6317a6717f8e23e"
      }
    },
    {
      "identity" : "swiftobserver",
      "kind" : "remoteSourceControl",
      "location" : "https://github.com/codeface-io/SwiftObserver",
      "state" : {
        "revision" : "de159bb4cfa09312e20c49ef23619cb28ddce8b6",
        "version" : "7.0.4"
      }
    },
    {
      "identity" : "swiftuitoolz",
      "kind" : "remoteSourceControl",
      "location" : "https://github.com/flowtoolz/SwiftUIToolz",
      "state" : {
        "revision" : "e6599508a08d0fe5c52ad307825a3cc56ecfa992",
        "version" : "0.1.2"
      }
    },
    {
      "identity" : "swiftytoolz",
      "kind" : "remoteSourceControl",
      "location" : "https://github.com/flowtoolz/SwiftyToolz.git",
      "state" : {
        "revision" : "9d36d5834339ee17d013e1eb6b258bdc00459698",
        "version" : "0.2.0"
      }
    }
  ],
  "version" : 2
}
