{
  "pins" : [
    {
      "identity" : "foundationtoolz",
      "kind" : "remoteSourceControl",
      "location" : "https://github.com/flowtoolz/FoundationToolz.git",
      "state" : {
        "revision" : "b4d56c6428ed2e47128d2180422c4f0734e68a2d",
        "version" : "0.1.2"
      }
    },
    {
      "identity" : "getlaid",
      "kind" : "remoteSourceControl",
      "location" : "https://github.com/flowtoolz/GetLaid.git",
      "state" : {
        "branch" : "master",
        "revision" : "a4ee1ab503cb52122fe30694d6317a6717f8e23e"
      }
    },
    {
      "identity" : "swiftytoolz",
      "kind" : "remoteSourceControl",
      "location" : "https://github.com/flowtoolz/SwiftyToolz.git",
      "state" : {
        "revision" : "9d36d5834339ee17d013e1eb6b258bdc00459698",
        "version" : "0.2.0"
      }
    }
  ],
  "version" : 2
}
