PODS:
  - FoundationToolz (1.0.0)
  - PureLayout (3.0.2)
  - SwiftObserver (1.2.0):
    - SwiftyToolz (= 1.0.0)
  - SwiftyToolz (1.0.0)
  - UIObserver (0.0.1):
    - SwiftObserver (= 1.2.0)
  - UIToolz (1.0.0):
    - PureLayout (= 3.0.2)
    - SwiftyToolz (= 1.0.0)

DEPENDENCIES:
  - FoundationToolz (from `../../Github Repos/FoundationToolz`)
  - PureLayout
  - SwiftObserver (from `../../Github Repos/SwiftObserver`)
  - SwiftyToolz (from `../../Github Repos/SwiftyToolz`)
  - UIObserver (from `../../Github Repos/UIObserver`)
  - UIToolz (from `../../Github Repos/UIToolz`)

SPEC REPOS:
  https://github.com/cocoapods/specs.git:
    - PureLayout

EXTERNAL SOURCES:
  FoundationToolz:
    :path: "../../Github Repos/FoundationToolz"
  SwiftObserver:
    :path: "../../Github Repos/SwiftObserver"
  SwiftyToolz:
    :path: "../../Github Repos/SwiftyToolz"
  UIObserver:
    :path: "../../Github Repos/UIObserver"
  UIToolz:
    :path: "../../Github Repos/UIToolz"

SPEC CHECKSUMS:
  FoundationToolz: e40cc7cc969480357a44eaafd9bab4b75a3f0c7a
  PureLayout: 4d550abe49a94f24c2808b9b95db9131685fe4cd
  SwiftObserver: b5ae13d3a7d048342a740439f6a2a504114d8bb9
  SwiftyToolz: c2946e4cb45066232f8434780a21e8a40bde0213
  UIObserver: 3f1327a291529ed48802be621c31f71fafa95571
  UIToolz: 248249aa2e4811e3b64b11e63e4c157a3caca7a0

PODFILE CHECKSUM: decd485108c4fb948784ab3c46dfe1fa65f84639

COCOAPODS: 1.5.2
