PODS:
  - FoundationToolz (1.0.0)
  - GetLaid (0.1.0)
  - SwiftObserver (1.3.2):
    - SwiftyToolz (= 1.1.0)
  - SwiftyToolz (1.1.0)
  - UIObserver (0.1.0):
    - SwiftObserver
  - UIToolz (1.0.0):
    - GetLaid
    - SwiftObserver
    - SwiftyToolz

DEPENDENCIES:
  - FoundationToolz (from `../../Github Repos/FoundationToolz`)
  - GetLaid (from `../../Github Repos/GetLaid`)
  - SwiftObserver (from `../../Github Repos/SwiftObserver`)
  - SwiftyToolz (from `../../Github Repos/SwiftyToolz`)
  - UIObserver (from `../../Github Repos/UIObserver`)
  - UIToolz (from `../../Github Repos/UIToolz`)

EXTERNAL SOURCES:
  FoundationToolz:
    :path: "../../Github Repos/FoundationToolz"
  GetLaid:
    :path: "../../Github Repos/GetLaid"
  SwiftObserver:
    :path: "../../Github Repos/SwiftObserver"
  SwiftyToolz:
    :path: "../../Github Repos/SwiftyToolz"
  UIObserver:
    :path: "../../Github Repos/UIObserver"
  UIToolz:
    :path: "../../Github Repos/UIToolz"

SPEC CHECKSUMS:
  FoundationToolz: e40cc7cc969480357a44eaafd9bab4b75a3f0c7a
  GetLaid: 77be01dcb18a74b83cfbed656f97cbf9f3ab7336
  SwiftObserver: a8d183c0984fa9ffa531069f462b59f061390924
  SwiftyToolz: 461391682260e0c485c4007f60c7cc882b8f7211
  UIObserver: d52d08987839f94e2ca4f4767b233fc53e6837e3
  UIToolz: 152bc2e5c7c7ee5e2c71c20480892fcb87a60ea1

PODFILE CHECKSUM: bae0e9fb7f8296b337cb319ffb11365fd28f04c4

COCOAPODS: 1.5.2
