// !$*UTF8*$!
{
	archiveVersion = 1;
	classes = {
	};
	objectVersion = 46;
	objects = {

/* Begin PBXBuildFile section */
		9E053B23218867E4001B7103 /* ItemJSONFile.swift in Sources */ = {isa = PBXBuildFile; fileRef = 9E053B22218867E4001B7103 /* ItemJSONFile.swift */; };
		9E053B2521886867001B7103 /* FullVersion.swift in Sources */ = {isa = PBXBuildFile; fileRef = 9E053B2421886867001B7103 /* FullVersion.swift */; };
		9E053B27218868D0001B7103 /* NSDecimalNumber+Price.swift in Sources */ = {isa = PBXBuildFile; fileRef = 9E053B26218868D0001B7103 /* NSDecimalNumber+Price.swift */; };
		9E053B3121886963001B7103 /* CKRecord+Item.swift in Sources */ = {isa = PBXBuildFile; fileRef = 9E053B2B21886963001B7103 /* CKRecord+Item.swift */; };
		9E053B3321886963001B7103 /* CKItemDatabase.swift in Sources */ = {isa = PBXBuildFile; fileRef = 9E053B2D21886963001B7103 /* CKItemDatabase.swift */; };
		9E053B3521886AC4001B7103 /* PurchaseController.swift in Sources */ = {isa = PBXBuildFile; fileRef = 9E053B3421886AC4001B7103 /* PurchaseController.swift */; };
		9E053B3721886BD4001B7103 /* SKProduct+FormattedPrice.swift in Sources */ = {isa = PBXBuildFile; fileRef = 9E053B3621886BD4001B7103 /* SKProduct+FormattedPrice.swift */; };
		9E053B3A218870D0001B7103 /* main.swift in Sources */ = {isa = PBXBuildFile; fileRef = 9E053B38218870D0001B7103 /* main.swift */; };
		9E053B3B218870D0001B7103 /* FlowlistController.swift in Sources */ = {isa = PBXBuildFile; fileRef = 9E053B39218870D0001B7103 /* FlowlistController.swift */; };
		9E053B422188711A001B7103 /* ApplicationMenu.swift in Sources */ = {isa = PBXBuildFile; fileRef = 9E053B3C21887119001B7103 /* ApplicationMenu.swift */; };
		9E053B432188711A001B7103 /* SelectionMenu.swift in Sources */ = {isa = PBXBuildFile; fileRef = 9E053B3D21887119001B7103 /* SelectionMenu.swift */; };
		9E053B442188711A001B7103 /* HelpMenu.swift in Sources */ = {isa = PBXBuildFile; fileRef = 9E053B3E21887119001B7103 /* HelpMenu.swift */; };
		9E053B452188711A001B7103 /* Menu.swift in Sources */ = {isa = PBXBuildFile; fileRef = 9E053B3F2188711A001B7103 /* Menu.swift */; };
		9E053B462188711A001B7103 /* WindowMenu.swift in Sources */ = {isa = PBXBuildFile; fileRef = 9E053B402188711A001B7103 /* WindowMenu.swift */; };
		9E053B472188711A001B7103 /* EditMenu.swift in Sources */ = {isa = PBXBuildFile; fileRef = 9E053B412188711A001B7103 /* EditMenu.swift */; };
		9E053B4921887133001B7103 /* FlowlistView.swift in Sources */ = {isa = PBXBuildFile; fileRef = 9E053B4821887133001B7103 /* FlowlistView.swift */; };
		9E053B4E2188715D001B7103 /* PriceTag.swift in Sources */ = {isa = PBXBuildFile; fileRef = 9E053B4A2188715D001B7103 /* PriceTag.swift */; };
		9E053B4F2188715D001B7103 /* BulletpointList.swift in Sources */ = {isa = PBXBuildFile; fileRef = 9E053B4B2188715D001B7103 /* BulletpointList.swift */; };
		9E053B502188715D001B7103 /* PurchaseView.swift in Sources */ = {isa = PBXBuildFile; fileRef = 9E053B4C2188715D001B7103 /* PurchaseView.swift */; };
		9E053B512188715D001B7103 /* PurchaseContentView.swift in Sources */ = {isa = PBXBuildFile; fileRef = 9E053B4D2188715D001B7103 /* PurchaseContentView.swift */; };
		9E053B5D218871C4001B7103 /* Spacer.swift in Sources */ = {isa = PBXBuildFile; fileRef = 9E053B55218871C4001B7103 /* Spacer.swift */; };
		9E053B5E218871C4001B7103 /* ListView.swift in Sources */ = {isa = PBXBuildFile; fileRef = 9E053B56218871C4001B7103 /* ListView.swift */; };
		9E053B5F218871C4001B7103 /* Header.swift in Sources */ = {isa = PBXBuildFile; fileRef = 9E053B57218871C4001B7103 /* Header.swift */; };
		9E053B60218871C4001B7103 /* ItemTable.swift in Sources */ = {isa = PBXBuildFile; fileRef = 9E053B58218871C4001B7103 /* ItemTable.swift */; };
		9E053B61218871C4001B7103 /* List+NSPasteboard.swift in Sources */ = {isa = PBXBuildFile; fileRef = 9E053B59218871C4001B7103 /* List+NSPasteboard.swift */; };
		9E053B62218871C4001B7103 /* ItemTableContent.swift in Sources */ = {isa = PBXBuildFile; fileRef = 9E053B5A218871C4001B7103 /* ItemTableContent.swift */; };
		9E053B63218871C4001B7103 /* Row.swift in Sources */ = {isa = PBXBuildFile; fileRef = 9E053B5B218871C4001B7103 /* Row.swift */; };
		9E053B65218871F5001B7103 /* Item+Export.swift in Sources */ = {isa = PBXBuildFile; fileRef = 9E053B64218871F5001B7103 /* Item+Export.swift */; };
		9E053B6A21887210001B7103 /* CheckBox.swift in Sources */ = {isa = PBXBuildFile; fileRef = 9E053B6621887210001B7103 /* CheckBox.swift */; };
		9E053B6B21887210001B7103 /* TextView.swift in Sources */ = {isa = PBXBuildFile; fileRef = 9E053B6721887210001B7103 /* TextView.swift */; };
		9E053B6C21887210001B7103 /* GroupIcon.swift in Sources */ = {isa = PBXBuildFile; fileRef = 9E053B6821887210001B7103 /* GroupIcon.swift */; };
		9E053B6D21887210001B7103 /* ItemView.swift in Sources */ = {isa = PBXBuildFile; fileRef = 9E053B6921887210001B7103 /* ItemView.swift */; };
		9E053B6F2188722D001B7103 /* Font+Style.swift in Sources */ = {isa = PBXBuildFile; fileRef = 9E053B6E2188722D001B7103 /* Font+Style.swift */; };
		9E0D5AA120C160C800F0D827 /* Color+Style.swift in Sources */ = {isa = PBXBuildFile; fileRef = 9E0D5AA020C160C800F0D827 /* Color+Style.swift */; };
		9E132D2521D3C38200B61D2D /* TextFormat+Foundation.swift in Sources */ = {isa = PBXBuildFile; fileRef = 9E132D2421D3C38200B61D2D /* TextFormat+Foundation.swift */; };
		9E132D2721D3C40600B61D2D /* ExportAccessoryView.swift in Sources */ = {isa = PBXBuildFile; fileRef = 9E132D2621D3C40600B61D2D /* ExportAccessoryView.swift */; };
		9E18C3DC21D6604A00363F48 /* ReadableError.swift in Sources */ = {isa = PBXBuildFile; fileRef = 9E18C3DB21D6604A00363F48 /* ReadableError.swift */; };
		9E1ECC2421CFE79100D2E439 /* FileLogger.swift in Sources */ = {isa = PBXBuildFile; fileRef = 9E1ECC2321CFE79100D2E439 /* FileLogger.swift */; };
		9E1F2CF42184476B00DFFD73 /* CloudKit.framework in Frameworks */ = {isa = PBXBuildFile; fileRef = 9E1F2CF32184476B00DFFD73 /* CloudKit.framework */; };
		9E22D8AD218A4A2200C7DE7F /* KeyedEncodingContainer+SwiftyToolz.swift in Sources */ = {isa = PBXBuildFile; fileRef = 9E22D8AC218A4A2200C7DE7F /* KeyedEncodingContainer+SwiftyToolz.swift */; };
		9E22D8AF218A4A9E00C7DE7F /* KeyedDecodingContainer+SwiftyToolz.swift in Sources */ = {isa = PBXBuildFile; fileRef = 9E22D8AE218A4A9E00C7DE7F /* KeyedDecodingContainer+SwiftyToolz.swift */; };
		9E2CCE8D20C1DE030037D755 /* List+Clipboard.swift in Sources */ = {isa = PBXBuildFile; fileRef = 9E2CCE8C20C1DE030037D755 /* List+Clipboard.swift */; };
		9E3EB55E2181E89200681953 /* TextFormat.swift in Sources */ = {isa = PBXBuildFile; fileRef = 9E3EB55D2181E89200681953 /* TextFormat.swift */; };
		9E3F69332115ADE2002D595D /* Item+WelcomeTour.swift in Sources */ = {isa = PBXBuildFile; fileRef = 9E3F69322115ADE2002D595D /* Item+WelcomeTour.swift */; };
		9E47E32222AAAC530068088A /* BrowserView.swift in Sources */ = {isa = PBXBuildFile; fileRef = 9E47E32122AAAC530068088A /* BrowserView.swift */; };
		9E47E32422AAC0A20068088A /* ListViewCell.swift in Sources */ = {isa = PBXBuildFile; fileRef = 9E47E32322AAC0A20068088A /* ListViewCell.swift */; };
		9E51C14A22B5182700510EC8 /* AppInstallationID.swift in Sources */ = {isa = PBXBuildFile; fileRef = 9E51C14922B5182700510EC8 /* AppInstallationID.swift */; };
		9E5768BC20C14B9300749C0C /* Direction.swift in Sources */ = {isa = PBXBuildFile; fileRef = 9E5768BB20C14B9300749C0C /* Direction.swift */; };
		9E5768C020C15B6300749C0C /* Browser+Debugging.swift in Sources */ = {isa = PBXBuildFile; fileRef = 9E5768BF20C15B6300749C0C /* Browser+Debugging.swift */; };
		9E5768C220C15CDF00749C0C /* Tree+Hashable.swift in Sources */ = {isa = PBXBuildFile; fileRef = 9E5768C120C15CDF00749C0C /* Tree+Hashable.swift */; };
		9E576E352186F85100C9F876 /* Storage.swift in Sources */ = {isa = PBXBuildFile; fileRef = 9E576E342186F85100C9F876 /* Storage.swift */; };
		9E576E372186FAB400C9F876 /* Item+Matching.swift in Sources */ = {isa = PBXBuildFile; fileRef = 9E576E362186FAB400C9F876 /* Item+Matching.swift */; };
		9E654E1121A487070052607F /* StorageController.swift in Sources */ = {isa = PBXBuildFile; fileRef = 9E654E1021A485B30052607F /* StorageController.swift */; };
		9E6C720B20B19C88001C3D2C /* Item+State.swift in Sources */ = {isa = PBXBuildFile; fileRef = 9E6C720A20B19C88001C3D2C /* Item+State.swift */; };
		9E6C720D20B1DDE2001C3D2C /* List.swift in Sources */ = {isa = PBXBuildFile; fileRef = 9E6C720C20B1DDE2001C3D2C /* List.swift */; };
		9E6C721020B1E66D001C3D2C /* Item+Debugging.swift in Sources */ = {isa = PBXBuildFile; fileRef = 9E6C720F20B1E66D001C3D2C /* Item+Debugging.swift */; };
		9E6E70AB21936A8B00BDB0BA /* Record+Item.swift in Sources */ = {isa = PBXBuildFile; fileRef = 9E6E70AA21936A8B00BDB0BA /* Record+Item.swift */; };
		9E6E70AD21936CD300BDB0BA /* Record.swift in Sources */ = {isa = PBXBuildFile; fileRef = 9E6E70AC21936CD300BDB0BA /* Record.swift */; };
		9E6E70AF2193803E00BDB0BA /* Item+CodableField.swift in Sources */ = {isa = PBXBuildFile; fileRef = 9E6E70AE2193803E00BDB0BA /* Item+CodableField.swift */; };
		9E7651961EEF4DA200DE2B07 /* Store.swift in Sources */ = {isa = PBXBuildFile; fileRef = 9E7651951EEF4DA200DE2B07 /* Store.swift */; };
		9E82A7A91EF2A558006AEF02 /* List+Editing.swift in Sources */ = {isa = PBXBuildFile; fileRef = 9E82A7A81EF2A558006AEF02 /* List+Editing.swift */; };
		9E91651520551E5600A438FB /* Assets.xcassets in Resources */ = {isa = PBXBuildFile; fileRef = 9E91651320551E5500A438FB /* Assets.xcassets */; };
		9EA1D3A5219EA60500B5943C /* CKItemDatabase+ItemDatabase.swift in Sources */ = {isa = PBXBuildFile; fileRef = 9EA1D3A4219EA60500B5943C /* CKItemDatabase+ItemDatabase.swift */; };
		9EA1D3B0219EBFD000B5943C /* UserDefaultsPersisters.swift in Sources */ = {isa = PBXBuildFile; fileRef = 9EA1D3AF219EBFD000B5943C /* UserDefaultsPersisters.swift */; };
		9EA1D3B2219EC26F00B5943C /* Persistent.swift in Sources */ = {isa = PBXBuildFile; fileRef = 9EA1D3B1219EC26F00B5943C /* Persistent.swift */; };
		9EA63839216F8BB100D1503C /* List+Selection.swift in Sources */ = {isa = PBXBuildFile; fileRef = 9EA63838216F8BB100D1503C /* List+Selection.swift */; };
		9EA7F99C20C19B210059166B /* Item+Clipboard.swift in Sources */ = {isa = PBXBuildFile; fileRef = 9EA7F99B20C19B210059166B /* Item+Clipboard.swift */; };
		9EBC70292056FD02007A1EA8 /* Browser.swift in Sources */ = {isa = PBXBuildFile; fileRef = 9EBC70282056FD02007A1EA8 /* Browser.swift */; };
		9EC498A621147FE1003636FE /* Item+Pasteboard.swift in Sources */ = {isa = PBXBuildFile; fileRef = 9EC498A521147FE1003636FE /* Item+Pasteboard.swift */; };
		9EC5C8B221B00ED800615D20 /* AlertDialog.swift in Sources */ = {isa = PBXBuildFile; fileRef = 9EC5C8B121B00ED800615D20 /* AlertDialog.swift */; };
		9EC5C8B621B00FE100615D20 /* Dialog.swift in Sources */ = {isa = PBXBuildFile; fileRef = 9EC5C8B521B00FE100615D20 /* Dialog.swift */; };
		9EC5C8B821B0300D00615D20 /* Dialog+ICloudConflict.swift in Sources */ = {isa = PBXBuildFile; fileRef = 9EC5C8B721B0300D00615D20 /* Dialog+ICloudConflict.swift */; };
		9EDB5D042174AF740048D7C5 /* Item+Text.swift in Sources */ = {isa = PBXBuildFile; fileRef = 9EDB5D032174AF740048D7C5 /* Item+Text.swift */; };
		9EE2EE5120B4AE35007CDC2F /* Float+Style.swift in Sources */ = {isa = PBXBuildFile; fileRef = 9EE2EE5020B4AE34007CDC2F /* Float+Style.swift */; };
		9EE60C0021ACE1AF0075109D /* ItemDatabase.swift in Sources */ = {isa = PBXBuildFile; fileRef = 9EE60BFF21ACE1AF0075109D /* ItemDatabase.swift */; };
		9EEA769F21922A5700642EE7 /* ItemFile.swift in Sources */ = {isa = PBXBuildFile; fileRef = 9EEA769E21922A5700642EE7 /* ItemFile.swift */; };
		9EEBA1A32168DAE40053B628 /* ItemData.swift in Sources */ = {isa = PBXBuildFile; fileRef = 9EEBA1A22168DAE40053B628 /* ItemData.swift */; };
		9EEBA1A72168EE860053B628 /* ItemData+Copyable.swift in Sources */ = {isa = PBXBuildFile; fileRef = 9EEBA1A62168EE860053B628 /* ItemData+Copyable.swift */; };
		9EF0AABC218838FA00B707F4 /* Store+Edit.swift in Sources */ = {isa = PBXBuildFile; fileRef = 9EF0AABB218838FA00B707F4 /* Store+Edit.swift */; };
		9EF0AABE21883E6E00B707F4 /* HashMap.swift in Sources */ = {isa = PBXBuildFile; fileRef = 9EF0AABD21883E6E00B707F4 /* HashMap.swift */; };
		9EF231A7218B1349006E783C /* Item.swift in Sources */ = {isa = PBXBuildFile; fileRef = 9EF231A6218B1349006E783C /* Item.swift */; };
		9EF231A9218B570F006E783C /* Item+Encodable.swift in Sources */ = {isa = PBXBuildFile; fileRef = 9EF231A8218B570F006E783C /* Item+Encodable.swift */; };
		9EF231AD218B785A006E783C /* Item+Creating.swift in Sources */ = {isa = PBXBuildFile; fileRef = 9EF231AC218B785A006E783C /* Item+Creating.swift */; };
		9EF231AF218B99B1006E783C /* DecodableItem.swift in Sources */ = {isa = PBXBuildFile; fileRef = 9EF231AE218B99B0006E783C /* DecodableItem.swift */; };
		9EF2E8912187D293008D2780 /* Edit.swift in Sources */ = {isa = PBXBuildFile; fileRef = 9EF2E8902187D293008D2780 /* Edit.swift */; };
		9EF37C4E21A08EED00A43AA9 /* DataMenu.swift in Sources */ = {isa = PBXBuildFile; fileRef = 9EF37C4D21A08EED00A43AA9 /* DataMenu.swift */; };
		9EF96E7421A9F516005619C7 /* CKRecordZone+Item.swift in Sources */ = {isa = PBXBuildFile; fileRef = 9EF96E7321A9F516005619C7 /* CKRecordZone+Item.swift */; };
		9EFB86DC21662AD100985B14 /* Tree.swift in Sources */ = {isa = PBXBuildFile; fileRef = 9EFB86DB21662AD100985B14 /* Tree.swift */; };
		9EFE6DF122A3F64A005C224E /* CKDatabase+Item.swift in Sources */ = {isa = PBXBuildFile; fileRef = 9EFE6DF022A3F64A005C224E /* CKDatabase+Item.swift */; };
		C932DAFCC628909A261C9DC7 /* Pods_Flowlist.framework in Frameworks */ = {isa = PBXBuildFile; fileRef = D591083E3159C05E29673835 /* Pods_Flowlist.framework */; };
/* End PBXBuildFile section */

/* Begin PBXContainerItemProxy section */
		9ED6964622BBF13A006D275E /* PBXContainerItemProxy */ = {
			isa = PBXContainerItemProxy;
			containerPortal = 9E542E891EEEE41C00534981 /* Project object */;
			proxyType = 1;
			remoteGlobalIDString = 9E542E901EEEE41C00534981;
			remoteInfo = Flowlist;
		};
/* End PBXContainerItemProxy section */

/* Begin PBXFileReference section */
		31D7BF377971DCFFFFB9F309 /* Pods-Flowlist.release.xcconfig */ = {isa = PBXFileReference; includeInIndex = 1; lastKnownFileType = text.xcconfig; name = "Pods-Flowlist.release.xcconfig"; path = "Pods/Target Support Files/Pods-Flowlist/Pods-Flowlist.release.xcconfig"; sourceTree = "<group>"; };
		78B3E83C8B5F1E96FF074B6D /* Pods-Flowlist.debug.xcconfig */ = {isa = PBXFileReference; includeInIndex = 1; lastKnownFileType = text.xcconfig; name = "Pods-Flowlist.debug.xcconfig"; path = "Pods/Target Support Files/Pods-Flowlist/Pods-Flowlist.debug.xcconfig"; sourceTree = "<group>"; };
		9E0410F820CE60B300C7C3E3 /* Flowlist.entitlements */ = {isa = PBXFileReference; lastKnownFileType = text.plist.entitlements; name = Flowlist.entitlements; path = Resources/Flowlist.entitlements; sourceTree = "<group>"; };
		9E053B22218867E4001B7103 /* ItemJSONFile.swift */ = {isa = PBXFileReference; fileEncoding = 4; lastKnownFileType = sourcecode.swift; path = ItemJSONFile.swift; sourceTree = "<group>"; };
		9E053B2421886867001B7103 /* FullVersion.swift */ = {isa = PBXFileReference; fileEncoding = 4; lastKnownFileType = sourcecode.swift; path = FullVersion.swift; sourceTree = "<group>"; };
		9E053B26218868D0001B7103 /* NSDecimalNumber+Price.swift */ = {isa = PBXFileReference; fileEncoding = 4; lastKnownFileType = sourcecode.swift; path = "NSDecimalNumber+Price.swift"; sourceTree = "<group>"; };
		9E053B2B21886963001B7103 /* CKRecord+Item.swift */ = {isa = PBXFileReference; fileEncoding = 4; lastKnownFileType = sourcecode.swift; path = "CKRecord+Item.swift"; sourceTree = "<group>"; };
		9E053B2D21886963001B7103 /* CKItemDatabase.swift */ = {isa = PBXFileReference; fileEncoding = 4; lastKnownFileType = sourcecode.swift; path = CKItemDatabase.swift; sourceTree = "<group>"; };
		9E053B3421886AC4001B7103 /* PurchaseController.swift */ = {isa = PBXFileReference; fileEncoding = 4; lastKnownFileType = sourcecode.swift; path = PurchaseController.swift; sourceTree = "<group>"; };
		9E053B3621886BD4001B7103 /* SKProduct+FormattedPrice.swift */ = {isa = PBXFileReference; fileEncoding = 4; lastKnownFileType = sourcecode.swift; path = "SKProduct+FormattedPrice.swift"; sourceTree = "<group>"; };
		9E053B38218870D0001B7103 /* main.swift */ = {isa = PBXFileReference; fileEncoding = 4; lastKnownFileType = sourcecode.swift; path = main.swift; sourceTree = "<group>"; };
		9E053B39218870D0001B7103 /* FlowlistController.swift */ = {isa = PBXFileReference; fileEncoding = 4; lastKnownFileType = sourcecode.swift; path = FlowlistController.swift; sourceTree = "<group>"; };
		9E053B3C21887119001B7103 /* ApplicationMenu.swift */ = {isa = PBXFileReference; fileEncoding = 4; lastKnownFileType = sourcecode.swift; path = ApplicationMenu.swift; sourceTree = "<group>"; };
		9E053B3D21887119001B7103 /* SelectionMenu.swift */ = {isa = PBXFileReference; fileEncoding = 4; lastKnownFileType = sourcecode.swift; path = SelectionMenu.swift; sourceTree = "<group>"; };
		9E053B3E21887119001B7103 /* HelpMenu.swift */ = {isa = PBXFileReference; fileEncoding = 4; lastKnownFileType = sourcecode.swift; path = HelpMenu.swift; sourceTree = "<group>"; };
		9E053B3F2188711A001B7103 /* Menu.swift */ = {isa = PBXFileReference; fileEncoding = 4; lastKnownFileType = sourcecode.swift; path = Menu.swift; sourceTree = "<group>"; };
		9E053B402188711A001B7103 /* WindowMenu.swift */ = {isa = PBXFileReference; fileEncoding = 4; lastKnownFileType = sourcecode.swift; path = WindowMenu.swift; sourceTree = "<group>"; };
		9E053B412188711A001B7103 /* EditMenu.swift */ = {isa = PBXFileReference; fileEncoding = 4; lastKnownFileType = sourcecode.swift; path = EditMenu.swift; sourceTree = "<group>"; };
		9E053B4821887133001B7103 /* FlowlistView.swift */ = {isa = PBXFileReference; fileEncoding = 4; lastKnownFileType = sourcecode.swift; path = FlowlistView.swift; sourceTree = "<group>"; };
		9E053B4A2188715D001B7103 /* PriceTag.swift */ = {isa = PBXFileReference; fileEncoding = 4; lastKnownFileType = sourcecode.swift; path = PriceTag.swift; sourceTree = "<group>"; };
		9E053B4B2188715D001B7103 /* BulletpointList.swift */ = {isa = PBXFileReference; fileEncoding = 4; lastKnownFileType = sourcecode.swift; path = BulletpointList.swift; sourceTree = "<group>"; };
		9E053B4C2188715D001B7103 /* PurchaseView.swift */ = {isa = PBXFileReference; fileEncoding = 4; lastKnownFileType = sourcecode.swift; path = PurchaseView.swift; sourceTree = "<group>"; };
		9E053B4D2188715D001B7103 /* PurchaseContentView.swift */ = {isa = PBXFileReference; fileEncoding = 4; lastKnownFileType = sourcecode.swift; path = PurchaseContentView.swift; sourceTree = "<group>"; };
		9E053B55218871C4001B7103 /* Spacer.swift */ = {isa = PBXFileReference; fileEncoding = 4; lastKnownFileType = sourcecode.swift; path = Spacer.swift; sourceTree = "<group>"; };
		9E053B56218871C4001B7103 /* ListView.swift */ = {isa = PBXFileReference; fileEncoding = 4; lastKnownFileType = sourcecode.swift; path = ListView.swift; sourceTree = "<group>"; };
		9E053B57218871C4001B7103 /* Header.swift */ = {isa = PBXFileReference; fileEncoding = 4; lastKnownFileType = sourcecode.swift; path = Header.swift; sourceTree = "<group>"; };
		9E053B58218871C4001B7103 /* ItemTable.swift */ = {isa = PBXFileReference; fileEncoding = 4; lastKnownFileType = sourcecode.swift; path = ItemTable.swift; sourceTree = "<group>"; };
		9E053B59218871C4001B7103 /* List+NSPasteboard.swift */ = {isa = PBXFileReference; fileEncoding = 4; lastKnownFileType = sourcecode.swift; path = "List+NSPasteboard.swift"; sourceTree = "<group>"; };
		9E053B5A218871C4001B7103 /* ItemTableContent.swift */ = {isa = PBXFileReference; fileEncoding = 4; lastKnownFileType = sourcecode.swift; path = ItemTableContent.swift; sourceTree = "<group>"; };
		9E053B5B218871C4001B7103 /* Row.swift */ = {isa = PBXFileReference; fileEncoding = 4; lastKnownFileType = sourcecode.swift; path = Row.swift; sourceTree = "<group>"; };
		9E053B64218871F5001B7103 /* Item+Export.swift */ = {isa = PBXFileReference; fileEncoding = 4; lastKnownFileType = sourcecode.swift; path = "Item+Export.swift"; sourceTree = "<group>"; };
		9E053B6621887210001B7103 /* CheckBox.swift */ = {isa = PBXFileReference; fileEncoding = 4; lastKnownFileType = sourcecode.swift; path = CheckBox.swift; sourceTree = "<group>"; };
		9E053B6721887210001B7103 /* TextView.swift */ = {isa = PBXFileReference; fileEncoding = 4; lastKnownFileType = sourcecode.swift; path = TextView.swift; sourceTree = "<group>"; };
		9E053B6821887210001B7103 /* GroupIcon.swift */ = {isa = PBXFileReference; fileEncoding = 4; lastKnownFileType = sourcecode.swift; path = GroupIcon.swift; sourceTree = "<group>"; };
		9E053B6921887210001B7103 /* ItemView.swift */ = {isa = PBXFileReference; fileEncoding = 4; lastKnownFileType = sourcecode.swift; path = ItemView.swift; sourceTree = "<group>"; };
		9E053B6E2188722D001B7103 /* Font+Style.swift */ = {isa = PBXFileReference; fileEncoding = 4; lastKnownFileType = sourcecode.swift; path = "Font+Style.swift"; sourceTree = "<group>"; };
		9E0D5AA020C160C800F0D827 /* Color+Style.swift */ = {isa = PBXFileReference; lastKnownFileType = sourcecode.swift; path = "Color+Style.swift"; sourceTree = "<group>"; };
		9E132D2421D3C38200B61D2D /* TextFormat+Foundation.swift */ = {isa = PBXFileReference; lastKnownFileType = sourcecode.swift; path = "TextFormat+Foundation.swift"; sourceTree = "<group>"; };
		9E132D2621D3C40600B61D2D /* ExportAccessoryView.swift */ = {isa = PBXFileReference; lastKnownFileType = sourcecode.swift; path = ExportAccessoryView.swift; sourceTree = "<group>"; };
		9E18C3DB21D6604A00363F48 /* ReadableError.swift */ = {isa = PBXFileReference; lastKnownFileType = sourcecode.swift; path = ReadableError.swift; sourceTree = "<group>"; };
		9E1ECC2321CFE79100D2E439 /* FileLogger.swift */ = {isa = PBXFileReference; lastKnownFileType = sourcecode.swift; path = FileLogger.swift; sourceTree = "<group>"; };
		9E1F2CF32184476B00DFFD73 /* CloudKit.framework */ = {isa = PBXFileReference; lastKnownFileType = wrapper.framework; name = CloudKit.framework; path = System/Library/Frameworks/CloudKit.framework; sourceTree = SDKROOT; };
		9E22D8AC218A4A2200C7DE7F /* KeyedEncodingContainer+SwiftyToolz.swift */ = {isa = PBXFileReference; lastKnownFileType = sourcecode.swift; path = "KeyedEncodingContainer+SwiftyToolz.swift"; sourceTree = "<group>"; };
		9E22D8AE218A4A9E00C7DE7F /* KeyedDecodingContainer+SwiftyToolz.swift */ = {isa = PBXFileReference; lastKnownFileType = sourcecode.swift; path = "KeyedDecodingContainer+SwiftyToolz.swift"; sourceTree = "<group>"; };
		9E2CCE8C20C1DE030037D755 /* List+Clipboard.swift */ = {isa = PBXFileReference; lastKnownFileType = sourcecode.swift; path = "List+Clipboard.swift"; sourceTree = "<group>"; };
		9E3EB55D2181E89200681953 /* TextFormat.swift */ = {isa = PBXFileReference; lastKnownFileType = sourcecode.swift; path = TextFormat.swift; sourceTree = "<group>"; };
		9E3F69322115ADE2002D595D /* Item+WelcomeTour.swift */ = {isa = PBXFileReference; lastKnownFileType = sourcecode.swift; path = "Item+WelcomeTour.swift"; sourceTree = "<group>"; };
		9E47E32122AAAC530068088A /* BrowserView.swift */ = {isa = PBXFileReference; lastKnownFileType = sourcecode.swift; path = BrowserView.swift; sourceTree = "<group>"; };
		9E47E32322AAC0A20068088A /* ListViewCell.swift */ = {isa = PBXFileReference; lastKnownFileType = sourcecode.swift; path = ListViewCell.swift; sourceTree = "<group>"; };
		9E51C14922B5182700510EC8 /* AppInstallationID.swift */ = {isa = PBXFileReference; lastKnownFileType = sourcecode.swift; path = AppInstallationID.swift; sourceTree = "<group>"; };
		9E542E911EEEE41C00534981 /* Flowlist.app */ = {isa = PBXFileReference; explicitFileType = wrapper.application; includeInIndex = 0; path = Flowlist.app; sourceTree = BUILT_PRODUCTS_DIR; };
		9E5768BB20C14B9300749C0C /* Direction.swift */ = {isa = PBXFileReference; lastKnownFileType = sourcecode.swift; path = Direction.swift; sourceTree = "<group>"; };
		9E5768BF20C15B6300749C0C /* Browser+Debugging.swift */ = {isa = PBXFileReference; lastKnownFileType = sourcecode.swift; path = "Browser+Debugging.swift"; sourceTree = "<group>"; };
		9E5768C120C15CDF00749C0C /* Tree+Hashable.swift */ = {isa = PBXFileReference; lastKnownFileType = sourcecode.swift; path = "Tree+Hashable.swift"; sourceTree = "<group>"; };
		9E576E342186F85100C9F876 /* Storage.swift */ = {isa = PBXFileReference; lastKnownFileType = sourcecode.swift; path = Storage.swift; sourceTree = "<group>"; };
		9E576E362186FAB400C9F876 /* Item+Matching.swift */ = {isa = PBXFileReference; lastKnownFileType = sourcecode.swift; path = "Item+Matching.swift"; sourceTree = "<group>"; };
		9E654E1021A485B30052607F /* StorageController.swift */ = {isa = PBXFileReference; lastKnownFileType = sourcecode.swift; path = StorageController.swift; sourceTree = "<group>"; };
		9E6C720A20B19C88001C3D2C /* Item+State.swift */ = {isa = PBXFileReference; lastKnownFileType = sourcecode.swift; path = "Item+State.swift"; sourceTree = "<group>"; };
		9E6C720C20B1DDE2001C3D2C /* List.swift */ = {isa = PBXFileReference; lastKnownFileType = sourcecode.swift; path = List.swift; sourceTree = "<group>"; };
		9E6C720F20B1E66D001C3D2C /* Item+Debugging.swift */ = {isa = PBXFileReference; lastKnownFileType = sourcecode.swift; path = "Item+Debugging.swift"; sourceTree = "<group>"; };
		9E6E70AA21936A8B00BDB0BA /* Record+Item.swift */ = {isa = PBXFileReference; lastKnownFileType = sourcecode.swift; path = "Record+Item.swift"; sourceTree = "<group>"; };
		9E6E70AC21936CD300BDB0BA /* Record.swift */ = {isa = PBXFileReference; lastKnownFileType = sourcecode.swift; path = Record.swift; sourceTree = "<group>"; };
		9E6E70AE2193803E00BDB0BA /* Item+CodableField.swift */ = {isa = PBXFileReference; lastKnownFileType = sourcecode.swift; path = "Item+CodableField.swift"; sourceTree = "<group>"; };
		9E7651951EEF4DA200DE2B07 /* Store.swift */ = {isa = PBXFileReference; fileEncoding = 4; lastKnownFileType = sourcecode.swift; path = Store.swift; sourceTree = "<group>"; };
		9E82A7A81EF2A558006AEF02 /* List+Editing.swift */ = {isa = PBXFileReference; fileEncoding = 4; lastKnownFileType = sourcecode.swift; path = "List+Editing.swift"; sourceTree = "<group>"; };
		9E91651320551E5500A438FB /* Assets.xcassets */ = {isa = PBXFileReference; lastKnownFileType = folder.assetcatalog; name = Assets.xcassets; path = Resources/Assets.xcassets; sourceTree = "<group>"; };
		9E916518205520B800A438FB /* Info.plist */ = {isa = PBXFileReference; fileEncoding = 4; lastKnownFileType = text.plist.xml; name = Info.plist; path = Resources/Info.plist; sourceTree = "<group>"; };
		9EA1D3A4219EA60500B5943C /* CKItemDatabase+ItemDatabase.swift */ = {isa = PBXFileReference; lastKnownFileType = sourcecode.swift; path = "CKItemDatabase+ItemDatabase.swift"; sourceTree = "<group>"; };
		9EA1D3AF219EBFD000B5943C /* UserDefaultsPersisters.swift */ = {isa = PBXFileReference; lastKnownFileType = sourcecode.swift; path = UserDefaultsPersisters.swift; sourceTree = "<group>"; };
		9EA1D3B1219EC26F00B5943C /* Persistent.swift */ = {isa = PBXFileReference; lastKnownFileType = sourcecode.swift; path = Persistent.swift; sourceTree = "<group>"; };
		9EA63838216F8BB100D1503C /* List+Selection.swift */ = {isa = PBXFileReference; lastKnownFileType = sourcecode.swift; path = "List+Selection.swift"; sourceTree = "<group>"; };
		9EA7F99B20C19B210059166B /* Item+Clipboard.swift */ = {isa = PBXFileReference; lastKnownFileType = sourcecode.swift; path = "Item+Clipboard.swift"; sourceTree = "<group>"; };
		9EBC70282056FD02007A1EA8 /* Browser.swift */ = {isa = PBXFileReference; fileEncoding = 4; lastKnownFileType = sourcecode.swift; path = Browser.swift; sourceTree = "<group>"; };
		9EC498A521147FE1003636FE /* Item+Pasteboard.swift */ = {isa = PBXFileReference; lastKnownFileType = sourcecode.swift; path = "Item+Pasteboard.swift"; sourceTree = "<group>"; };
		9EC5C8B121B00ED800615D20 /* AlertDialog.swift */ = {isa = PBXFileReference; lastKnownFileType = sourcecode.swift; path = AlertDialog.swift; sourceTree = "<group>"; };
		9EC5C8B521B00FE100615D20 /* Dialog.swift */ = {isa = PBXFileReference; lastKnownFileType = sourcecode.swift; path = Dialog.swift; sourceTree = "<group>"; };
		9EC5C8B721B0300D00615D20 /* Dialog+ICloudConflict.swift */ = {isa = PBXFileReference; lastKnownFileType = sourcecode.swift; path = "Dialog+ICloudConflict.swift"; sourceTree = "<group>"; };
		9ED6964122BBF13A006D275E /* FlowlistTests.xctest */ = {isa = PBXFileReference; explicitFileType = wrapper.cfbundle; includeInIndex = 0; path = FlowlistTests.xctest; sourceTree = BUILT_PRODUCTS_DIR; };
		9ED6964522BBF13A006D275E /* Info.plist */ = {isa = PBXFileReference; lastKnownFileType = text.plist.xml; path = Info.plist; sourceTree = "<group>"; };
		9EDB5D032174AF740048D7C5 /* Item+Text.swift */ = {isa = PBXFileReference; lastKnownFileType = sourcecode.swift; path = "Item+Text.swift"; sourceTree = "<group>"; };
		9EE2EE5020B4AE34007CDC2F /* Float+Style.swift */ = {isa = PBXFileReference; fileEncoding = 4; lastKnownFileType = sourcecode.swift; path = "Float+Style.swift"; sourceTree = "<group>"; };
		9EE60BFF21ACE1AF0075109D /* ItemDatabase.swift */ = {isa = PBXFileReference; fileEncoding = 4; lastKnownFileType = sourcecode.swift; path = ItemDatabase.swift; sourceTree = "<group>"; };
		9EEA769E21922A5700642EE7 /* ItemFile.swift */ = {isa = PBXFileReference; lastKnownFileType = sourcecode.swift; path = ItemFile.swift; sourceTree = "<group>"; };
		9EEBA1A22168DAE40053B628 /* ItemData.swift */ = {isa = PBXFileReference; lastKnownFileType = sourcecode.swift; path = ItemData.swift; sourceTree = "<group>"; };
		9EEBA1A62168EE860053B628 /* ItemData+Copyable.swift */ = {isa = PBXFileReference; lastKnownFileType = sourcecode.swift; path = "ItemData+Copyable.swift"; sourceTree = "<group>"; };
		9EF0AABB218838FA00B707F4 /* Store+Edit.swift */ = {isa = PBXFileReference; lastKnownFileType = sourcecode.swift; path = "Store+Edit.swift"; sourceTree = "<group>"; };
		9EF0AABD21883E6E00B707F4 /* HashMap.swift */ = {isa = PBXFileReference; lastKnownFileType = sourcecode.swift; path = HashMap.swift; sourceTree = "<group>"; };
		9EF231A6218B1349006E783C /* Item.swift */ = {isa = PBXFileReference; lastKnownFileType = sourcecode.swift; path = Item.swift; sourceTree = "<group>"; };
		9EF231A8218B570F006E783C /* Item+Encodable.swift */ = {isa = PBXFileReference; lastKnownFileType = sourcecode.swift; path = "Item+Encodable.swift"; sourceTree = "<group>"; };
		9EF231AC218B785A006E783C /* Item+Creating.swift */ = {isa = PBXFileReference; lastKnownFileType = sourcecode.swift; path = "Item+Creating.swift"; sourceTree = "<group>"; };
		9EF231AE218B99B0006E783C /* DecodableItem.swift */ = {isa = PBXFileReference; fileEncoding = 4; lastKnownFileType = sourcecode.swift; path = DecodableItem.swift; sourceTree = "<group>"; };
		9EF2E8902187D293008D2780 /* Edit.swift */ = {isa = PBXFileReference; lastKnownFileType = sourcecode.swift; path = Edit.swift; sourceTree = "<group>"; };
		9EF37C4D21A08EED00A43AA9 /* DataMenu.swift */ = {isa = PBXFileReference; lastKnownFileType = sourcecode.swift; path = DataMenu.swift; sourceTree = "<group>"; };
		9EF96E7321A9F516005619C7 /* CKRecordZone+Item.swift */ = {isa = PBXFileReference; lastKnownFileType = sourcecode.swift; path = "CKRecordZone+Item.swift"; sourceTree = "<group>"; };
		9EFB86DB21662AD100985B14 /* Tree.swift */ = {isa = PBXFileReference; lastKnownFileType = sourcecode.swift; path = Tree.swift; sourceTree = "<group>"; };
		9EFE6DF022A3F64A005C224E /* CKDatabase+Item.swift */ = {isa = PBXFileReference; lastKnownFileType = sourcecode.swift; path = "CKDatabase+Item.swift"; sourceTree = "<group>"; };
		D591083E3159C05E29673835 /* Pods_Flowlist.framework */ = {isa = PBXFileReference; explicitFileType = wrapper.framework; includeInIndex = 0; path = Pods_Flowlist.framework; sourceTree = BUILT_PRODUCTS_DIR; };
		E46682D8127B754B09986C90 /* Pods-Flowlist.beta.xcconfig */ = {isa = PBXFileReference; includeInIndex = 1; lastKnownFileType = text.xcconfig; name = "Pods-Flowlist.beta.xcconfig"; path = "Pods/Target Support Files/Pods-Flowlist/Pods-Flowlist.beta.xcconfig"; sourceTree = "<group>"; };
/* End PBXFileReference section */

/* Begin PBXFrameworksBuildPhase section */
		9E542E8E1EEEE41C00534981 /* Frameworks */ = {
			isa = PBXFrameworksBuildPhase;
			buildActionMask = 2147483647;
			files = (
				C932DAFCC628909A261C9DC7 /* Pods_Flowlist.framework in Frameworks */,
				9E1F2CF42184476B00DFFD73 /* CloudKit.framework in Frameworks */,
			);
			runOnlyForDeploymentPostprocessing = 0;
		};
		9ED6963E22BBF13A006D275E /* Frameworks */ = {
			isa = PBXFrameworksBuildPhase;
			buildActionMask = 2147483647;
			files = (
			);
			runOnlyForDeploymentPostprocessing = 0;
		};
/* End PBXFrameworksBuildPhase section */

/* Begin PBXGroup section */
		214596B4A8859C616CE520C0 /* Frameworks */ = {
			isa = PBXGroup;
			children = (
				9E1F2CF32184476B00DFFD73 /* CloudKit.framework */,
				D591083E3159C05E29673835 /* Pods_Flowlist.framework */,
			);
			name = Frameworks;
			sourceTree = "<group>";
		};
		355124306BC9502BB1F4B052 /* Pods */ = {
			isa = PBXGroup;
			children = (
				78B3E83C8B5F1E96FF074B6D /* Pods-Flowlist.debug.xcconfig */,
				31D7BF377971DCFFFFB9F309 /* Pods-Flowlist.release.xcconfig */,
				E46682D8127B754B09986C90 /* Pods-Flowlist.beta.xcconfig */,
			);
			name = Pods;
			sourceTree = "<group>";
		};
		9E132D2321D3C36200B61D2D /* Foundation */ = {
			isa = PBXGroup;
			children = (
				9E132D2421D3C38200B61D2D /* TextFormat+Foundation.swift */,
			);
			path = Foundation;
			sourceTree = "<group>";
		};
		9E542E881EEEE41C00534981 = {
			isa = PBXGroup;
			children = (
				9EA5A884218EC546004902F7 /* Code */,
				9E91651620551E6F00A438FB /* Resources */,
				9ED6964222BBF13A006D275E /* FlowlistTests */,
				9E542E921EEEE41C00534981 /* Products */,
				355124306BC9502BB1F4B052 /* Pods */,
				214596B4A8859C616CE520C0 /* Frameworks */,
			);
			sourceTree = "<group>";
		};
		9E542E921EEEE41C00534981 /* Products */ = {
			isa = PBXGroup;
			children = (
				9E542E911EEEE41C00534981 /* Flowlist.app */,
				9ED6964122BBF13A006D275E /* FlowlistTests.xctest */,
			);
			name = Products;
			sourceTree = "<group>";
		};
		9E654E0F21A4859C0052607F /* CloudKit */ = {
			isa = PBXGroup;
			children = (
				9E654E1021A485B30052607F /* StorageController.swift */,
			);
			path = CloudKit;
			sourceTree = "<group>";
		};
		9E7B876422B44EC20012FF48 /* macOS */ = {
			isa = PBXGroup;
			children = (
				9EA5A89F218ED324004902F7 /* AppKit */,
				9EA5A886218EC5E3004902F7 /* Menu */,
				9EA5A8A4218ED837004902F7 /* Purchase */,
				9EA5A88E218ECA2C004902F7 /* Export */,
				9EA5A887218EC703004902F7 /* Browser */,
				9EA5A88A218EC885004902F7 /* List */,
				9EA5A891218ECB1C004902F7 /* Storage */,
				9EA5A8A1218ED38B004902F7 /* Item */,
				9EA5A8A8218ED8DE004902F7 /* Style */,
				9EA5A8AA218ED9A9004902F7 /* Framework-Candidates */,
			);
			path = macOS;
			sourceTree = "<group>";
		};
		9E91651620551E6F00A438FB /* Resources */ = {
			isa = PBXGroup;
			children = (
				9E0410F820CE60B300C7C3E3 /* Flowlist.entitlements */,
				9E916518205520B800A438FB /* Info.plist */,
				9E91651320551E5500A438FB /* Assets.xcassets */,
			);
			name = Resources;
			sourceTree = SOURCE_ROOT;
		};
		9EA5A884218EC546004902F7 /* Code */ = {
			isa = PBXGroup;
			children = (
				9E7B876422B44EC20012FF48 /* macOS */,
			);
			name = Code;
			path = ../Code;
			sourceTree = SOURCE_ROOT;
		};
		9EA5A886218EC5E3004902F7 /* Menu */ = {
			isa = PBXGroup;
			children = (
				9EA5A8A0218ED340004902F7 /* AppKit */,
			);
			path = Menu;
			sourceTree = "<group>";
		};
		9EA5A887218EC703004902F7 /* Browser */ = {
			isa = PBXGroup;
			children = (
				9EA5A888218EC71A004902F7 /* AppKit */,
				9E5768BF20C15B6300749C0C /* Browser+Debugging.swift */,
				9EBC70282056FD02007A1EA8 /* Browser.swift */,
				9E5768BB20C14B9300749C0C /* Direction.swift */,
			);
			path = Browser;
			sourceTree = "<group>";
		};
		9EA5A888218EC71A004902F7 /* AppKit */ = {
			isa = PBXGroup;
			children = (
				9E47E32122AAAC530068088A /* BrowserView.swift */,
				9E47E32322AAC0A20068088A /* ListViewCell.swift */,
			);
			path = AppKit;
			sourceTree = "<group>";
		};
		9EA5A88A218EC885004902F7 /* List */ = {
			isa = PBXGroup;
			children = (
				9EA5A88B218EC8CE004902F7 /* AppKit */,
				9EA5A88D218EC9B4004902F7 /* Clipboard */,
				9E82A7A81EF2A558006AEF02 /* List+Editing.swift */,
				9EA63838216F8BB100D1503C /* List+Selection.swift */,
				9E6C720C20B1DDE2001C3D2C /* List.swift */,
			);
			path = List;
			sourceTree = "<group>";
		};
		9EA5A88B218EC8CE004902F7 /* AppKit */ = {
			isa = PBXGroup;
			children = (
				9E053B56218871C4001B7103 /* ListView.swift */,
				9E053B57218871C4001B7103 /* Header.swift */,
				9E053B58218871C4001B7103 /* ItemTable.swift */,
				9E053B5A218871C4001B7103 /* ItemTableContent.swift */,
				9E053B5B218871C4001B7103 /* Row.swift */,
				9E053B55218871C4001B7103 /* Spacer.swift */,
				9E053B59218871C4001B7103 /* List+NSPasteboard.swift */,
			);
			path = AppKit;
			sourceTree = "<group>";
		};
		9EA5A88D218EC9B4004902F7 /* Clipboard */ = {
			isa = PBXGroup;
			children = (
				9E2CCE8C20C1DE030037D755 /* List+Clipboard.swift */,
				9EA7F99B20C19B210059166B /* Item+Clipboard.swift */,
			);
			path = Clipboard;
			sourceTree = "<group>";
		};
		9EA5A88E218ECA2C004902F7 /* Export */ = {
			isa = PBXGroup;
			children = (
				9EA5A88F218ECA42004902F7 /* AppKit */,
				9E132D2321D3C36200B61D2D /* Foundation */,
				9EDB5D032174AF740048D7C5 /* Item+Text.swift */,
				9E3EB55D2181E89200681953 /* TextFormat.swift */,
			);
			path = Export;
			sourceTree = "<group>";
		};
		9EA5A88F218ECA42004902F7 /* AppKit */ = {
			isa = PBXGroup;
			children = (
				9E053B64218871F5001B7103 /* Item+Export.swift */,
				9E132D2621D3C40600B61D2D /* ExportAccessoryView.swift */,
			);
			path = AppKit;
			sourceTree = "<group>";
		};
		9EA5A891218ECB1C004902F7 /* Storage */ = {
			isa = PBXGroup;
			children = (
				9E654E0F21A4859C0052607F /* CloudKit */,
				9E576E342186F85100C9F876 /* Storage.swift */,
				9EC5C8B721B0300D00615D20 /* Dialog+ICloudConflict.swift */,
				9EF0AABB218838FA00B707F4 /* Store+Edit.swift */,
				9EA5A892218ECB37004902F7 /* Database */,
				9EC5C8B421B00F9500615D20 /* Object Relational Mapping */,
				9EA5A897218ECC98004902F7 /* Store */,
				9EA5A895218ECC5A004902F7 /* File */,
				9EA5A898218ECEF5004902F7 /* Codable Item */,
			);
			path = Storage;
			sourceTree = "<group>";
		};
		9EA5A892218ECB37004902F7 /* Database */ = {
			isa = PBXGroup;
			children = (
				9EA5A893218ECB45004902F7 /* CloudKit */,
				9EE60BFF21ACE1AF0075109D /* ItemDatabase.swift */,
			);
			path = Database;
			sourceTree = "<group>";
		};
		9EA5A893218ECB45004902F7 /* CloudKit */ = {
			isa = PBXGroup;
			children = (
				9EA1D3A4219EA60500B5943C /* CKItemDatabase+ItemDatabase.swift */,
				9E053B2D21886963001B7103 /* CKItemDatabase.swift */,
				9EFE6DF022A3F64A005C224E /* CKDatabase+Item.swift */,
				9E053B2B21886963001B7103 /* CKRecord+Item.swift */,
				9EF96E7321A9F516005619C7 /* CKRecordZone+Item.swift */,
			);
			path = CloudKit;
			sourceTree = "<group>";
		};
		9EA5A895218ECC5A004902F7 /* File */ = {
			isa = PBXGroup;
			children = (
				9EA5A89B218ED21B004902F7 /* Foundation */,
				9EEA769E21922A5700642EE7 /* ItemFile.swift */,
			);
			path = File;
			sourceTree = "<group>";
		};
		9EA5A897218ECC98004902F7 /* Store */ = {
			isa = PBXGroup;
			children = (
				9E7651951EEF4DA200DE2B07 /* Store.swift */,
				9EF0AABD21883E6E00B707F4 /* HashMap.swift */,
			);
			path = Store;
			sourceTree = "<group>";
		};
		9EA5A898218ECEF5004902F7 /* Codable Item */ = {
			isa = PBXGroup;
			children = (
				9EF231AE218B99B0006E783C /* DecodableItem.swift */,
				9EF231A8218B570F006E783C /* Item+Encodable.swift */,
				9E6E70AE2193803E00BDB0BA /* Item+CodableField.swift */,
			);
			path = "Codable Item";
			sourceTree = "<group>";
		};
		9EA5A89B218ED21B004902F7 /* Foundation */ = {
			isa = PBXGroup;
			children = (
				9E053B22218867E4001B7103 /* ItemJSONFile.swift */,
			);
			path = Foundation;
			sourceTree = "<group>";
		};
		9EA5A89F218ED324004902F7 /* AppKit */ = {
			isa = PBXGroup;
			children = (
				9E053B38218870D0001B7103 /* main.swift */,
				9E053B39218870D0001B7103 /* FlowlistController.swift */,
				9E053B4821887133001B7103 /* FlowlistView.swift */,
				9E1ECC2321CFE79100D2E439 /* FileLogger.swift */,
			);
			path = AppKit;
			sourceTree = "<group>";
		};
		9EA5A8A0218ED340004902F7 /* AppKit */ = {
			isa = PBXGroup;
			children = (
				9E053B3F2188711A001B7103 /* Menu.swift */,
				9E053B3C21887119001B7103 /* ApplicationMenu.swift */,
				9EF37C4D21A08EED00A43AA9 /* DataMenu.swift */,
				9E053B412188711A001B7103 /* EditMenu.swift */,
				9E053B3D21887119001B7103 /* SelectionMenu.swift */,
				9E053B402188711A001B7103 /* WindowMenu.swift */,
				9E053B3E21887119001B7103 /* HelpMenu.swift */,
			);
			path = AppKit;
			sourceTree = "<group>";
		};
		9EA5A8A1218ED38B004902F7 /* Item */ = {
			isa = PBXGroup;
			children = (
				9EA5A8A2218ED39C004902F7 /* AppKit */,
				9E576E362186FAB400C9F876 /* Item+Matching.swift */,
				9E6C720F20B1E66D001C3D2C /* Item+Debugging.swift */,
				9E3F69322115ADE2002D595D /* Item+WelcomeTour.swift */,
				9EC498A521147FE1003636FE /* Item+Pasteboard.swift */,
				9E6C720A20B19C88001C3D2C /* Item+State.swift */,
				9EF231AC218B785A006E783C /* Item+Creating.swift */,
				9EF231A6218B1349006E783C /* Item.swift */,
				9EEBA1A62168EE860053B628 /* ItemData+Copyable.swift */,
				9EEBA1A22168DAE40053B628 /* ItemData.swift */,
			);
			path = Item;
			sourceTree = "<group>";
		};
		9EA5A8A2218ED39C004902F7 /* AppKit */ = {
			isa = PBXGroup;
			children = (
				9E053B6921887210001B7103 /* ItemView.swift */,
				9E053B6721887210001B7103 /* TextView.swift */,
				9E053B6621887210001B7103 /* CheckBox.swift */,
				9E053B6821887210001B7103 /* GroupIcon.swift */,
			);
			path = AppKit;
			sourceTree = "<group>";
		};
		9EA5A8A4218ED837004902F7 /* Purchase */ = {
			isa = PBXGroup;
			children = (
				9EA5A8A5218ED843004902F7 /* AppKit */,
				9EA5A8A6218ED863004902F7 /* StoreKit */,
				9EA5A8A7218ED8B1004902F7 /* Foundation */,
			);
			path = Purchase;
			sourceTree = "<group>";
		};
		9EA5A8A5218ED843004902F7 /* AppKit */ = {
			isa = PBXGroup;
			children = (
				9E053B4C2188715D001B7103 /* PurchaseView.swift */,
				9E053B4D2188715D001B7103 /* PurchaseContentView.swift */,
				9E053B4B2188715D001B7103 /* BulletpointList.swift */,
				9E053B4A2188715D001B7103 /* PriceTag.swift */,
			);
			path = AppKit;
			sourceTree = "<group>";
		};
		9EA5A8A6218ED863004902F7 /* StoreKit */ = {
			isa = PBXGroup;
			children = (
				9E053B3421886AC4001B7103 /* PurchaseController.swift */,
			);
			path = StoreKit;
			sourceTree = "<group>";
		};
		9EA5A8A7218ED8B1004902F7 /* Foundation */ = {
			isa = PBXGroup;
			children = (
				9E053B2421886867001B7103 /* FullVersion.swift */,
			);
			path = Foundation;
			sourceTree = "<group>";
		};
		9EA5A8A8218ED8DE004902F7 /* Style */ = {
			isa = PBXGroup;
			children = (
				9E053B6E2188722D001B7103 /* Font+Style.swift */,
				9E0D5AA020C160C800F0D827 /* Color+Style.swift */,
				9EE2EE5020B4AE34007CDC2F /* Float+Style.swift */,
			);
			path = Style;
			sourceTree = "<group>";
		};
		9EA5A8AA218ED9A9004902F7 /* Framework-Candidates */ = {
			isa = PBXGroup;
			children = (
				9EC5C8B321B00F5300615D20 /* AppKit */,
				9EA5A8AC218ED9D8004902F7 /* StoreKit */,
				9EA5A8AD218ED9FB004902F7 /* Foundation */,
				9E5768C120C15CDF00749C0C /* Tree+Hashable.swift */,
				9EFB86DB21662AD100985B14 /* Tree.swift */,
				9EC5C8B521B00FE100615D20 /* Dialog.swift */,
				9E18C3DB21D6604A00363F48 /* ReadableError.swift */,
				9E51C14922B5182700510EC8 /* AppInstallationID.swift */,
				9EA1D3B1219EC26F00B5943C /* Persistent.swift */,
				9E22D8AC218A4A2200C7DE7F /* KeyedEncodingContainer+SwiftyToolz.swift */,
				9E22D8AE218A4A9E00C7DE7F /* KeyedDecodingContainer+SwiftyToolz.swift */,
			);
			path = "Framework-Candidates";
			sourceTree = "<group>";
		};
		9EA5A8AC218ED9D8004902F7 /* StoreKit */ = {
			isa = PBXGroup;
			children = (
				9E053B3621886BD4001B7103 /* SKProduct+FormattedPrice.swift */,
			);
			path = StoreKit;
			sourceTree = "<group>";
		};
		9EA5A8AD218ED9FB004902F7 /* Foundation */ = {
			isa = PBXGroup;
			children = (
				9EA1D3AF219EBFD000B5943C /* UserDefaultsPersisters.swift */,
				9E053B26218868D0001B7103 /* NSDecimalNumber+Price.swift */,
			);
			path = Foundation;
			sourceTree = "<group>";
		};
		9EC5C8B321B00F5300615D20 /* AppKit */ = {
			isa = PBXGroup;
			children = (
				9EC5C8B121B00ED800615D20 /* AlertDialog.swift */,
			);
			path = AppKit;
			sourceTree = "<group>";
		};
		9EC5C8B421B00F9500615D20 /* Object Relational Mapping */ = {
			isa = PBXGroup;
			children = (
				9EF2E8902187D293008D2780 /* Edit.swift */,
				9E6E70AA21936A8B00BDB0BA /* Record+Item.swift */,
				9E6E70AC21936CD300BDB0BA /* Record.swift */,
			);
			path = "Object Relational Mapping";
			sourceTree = "<group>";
		};
		9ED6964222BBF13A006D275E /* FlowlistTests */ = {
			isa = PBXGroup;
			children = (
				9ED6964522BBF13A006D275E /* Info.plist */,
			);
			path = FlowlistTests;
			sourceTree = "<group>";
		};
/* End PBXGroup section */

/* Begin PBXNativeTarget section */
		9E542E901EEEE41C00534981 /* Flowlist */ = {
			isa = PBXNativeTarget;
			buildConfigurationList = 9E542EAC1EEEE41C00534981 /* Build configuration list for PBXNativeTarget "Flowlist" */;
			buildPhases = (
				1ED3B3152A5343BE5D01F4E9 /* [CP] Check Pods Manifest.lock */,
				9E542E8D1EEEE41C00534981 /* Sources */,
				9E542E8E1EEEE41C00534981 /* Frameworks */,
				9E542E8F1EEEE41C00534981 /* Resources */,
				9229376CC8A9414230AE32A3 /* [CP] Embed Pods Frameworks */,
			);
			buildRules = (
			);
			dependencies = (
			);
			name = Flowlist;
			productName = TodayList;
			productReference = 9E542E911EEEE41C00534981 /* Flowlist.app */;
			productType = "com.apple.product-type.application";
		};
		9ED6964022BBF13A006D275E /* FlowlistTests */ = {
			isa = PBXNativeTarget;
			buildConfigurationList = 9ED6964822BBF13A006D275E /* Build configuration list for PBXNativeTarget "FlowlistTests" */;
			buildPhases = (
				9ED6963D22BBF13A006D275E /* Sources */,
				9ED6963E22BBF13A006D275E /* Frameworks */,
				9ED6963F22BBF13A006D275E /* Resources */,
			);
			buildRules = (
			);
			dependencies = (
				9ED6964722BBF13A006D275E /* PBXTargetDependency */,
			);
			name = FlowlistTests;
			productName = FlowlistTests;
			productReference = 9ED6964122BBF13A006D275E /* FlowlistTests.xctest */;
			productType = "com.apple.product-type.bundle.unit-test";
		};
/* End PBXNativeTarget section */

/* Begin PBXProject section */
		9E542E891EEEE41C00534981 /* Project object */ = {
			isa = PBXProject;
			attributes = {
				LastSwiftUpdateCheck = 1020;
				LastUpgradeCheck = 1020;
				ORGANIZATIONNAME = Flowtoolz;
				TargetAttributes = {
					9E542E901EEEE41C00534981 = {
						CreatedOnToolsVersion = 8.2.1;
						DevelopmentTeam = 8T3R57GCBV;
						LastSwiftMigration = 1020;
						ProvisioningStyle = Manual;
						SystemCapabilities = {
							com.apple.Push = {
								enabled = 1;
							};
							com.apple.Sandbox = {
								enabled = 1;
							};
							com.apple.iCloud = {
								enabled = 1;
							};
						};
					};
					9ED6964022BBF13A006D275E = {
						CreatedOnToolsVersion = 10.2.1;
						DevelopmentTeam = 8T3R57GCBV;
						ProvisioningStyle = Manual;
						TestTargetID = 9E542E901EEEE41C00534981;
					};
				};
			};
			buildConfigurationList = 9E542E8C1EEEE41C00534981 /* Build configuration list for PBXProject "Flowlist" */;
			compatibilityVersion = "Xcode 3.2";
			developmentRegion = en;
			hasScannedForEncodings = 0;
			knownRegions = (
				en,
				Base,
			);
			mainGroup = 9E542E881EEEE41C00534981;
			productRefGroup = 9E542E921EEEE41C00534981 /* Products */;
			projectDirPath = "";
			projectRoot = "";
			targets = (
				9E542E901EEEE41C00534981 /* Flowlist */,
				9ED6964022BBF13A006D275E /* FlowlistTests */,
			);
		};
/* End PBXProject section */

/* Begin PBXResourcesBuildPhase section */
		9E542E8F1EEEE41C00534981 /* Resources */ = {
			isa = PBXResourcesBuildPhase;
			buildActionMask = 2147483647;
			files = (
				9E91651520551E5600A438FB /* Assets.xcassets in Resources */,
			);
			runOnlyForDeploymentPostprocessing = 0;
		};
		9ED6963F22BBF13A006D275E /* Resources */ = {
			isa = PBXResourcesBuildPhase;
			buildActionMask = 2147483647;
			files = (
			);
			runOnlyForDeploymentPostprocessing = 0;
		};
/* End PBXResourcesBuildPhase section */

/* Begin PBXShellScriptBuildPhase section */
		1ED3B3152A5343BE5D01F4E9 /* [CP] Check Pods Manifest.lock */ = {
			isa = PBXShellScriptBuildPhase;
			buildActionMask = 2147483647;
			files = (
			);
			inputPaths = (
				"${PODS_PODFILE_DIR_PATH}/Podfile.lock",
				"${PODS_ROOT}/Manifest.lock",
			);
			name = "[CP] Check Pods Manifest.lock";
			outputPaths = (
				"$(DERIVED_FILE_DIR)/Pods-Flowlist-checkManifestLockResult.txt",
			);
			runOnlyForDeploymentPostprocessing = 0;
			shellPath = /bin/sh;
			shellScript = "diff \"${PODS_PODFILE_DIR_PATH}/Podfile.lock\" \"${PODS_ROOT}/Manifest.lock\" > /dev/null\nif [ $? != 0 ] ; then\n    # print error to STDERR\n    echo \"error: The sandbox is not in sync with the Podfile.lock. Run 'pod install' or update your CocoaPods installation.\" >&2\n    exit 1\nfi\n# This output is used by Xcode 'outputs' to avoid re-running this script phase.\necho \"SUCCESS\" > \"${SCRIPT_OUTPUT_FILE_0}\"\n";
			showEnvVarsInLog = 0;
		};
		9229376CC8A9414230AE32A3 /* [CP] Embed Pods Frameworks */ = {
			isa = PBXShellScriptBuildPhase;
			buildActionMask = 2147483647;
			files = (
			);
			inputPaths = (
				"${PODS_ROOT}/Target Support Files/Pods-Flowlist/Pods-Flowlist-frameworks.sh",
				"${BUILT_PRODUCTS_DIR}/CloudKid/CloudKid.framework",
				"${BUILT_PRODUCTS_DIR}/FoundationToolz/FoundationToolz.framework",
				"${BUILT_PRODUCTS_DIR}/GetLaid/GetLaid.framework",
				"${BUILT_PRODUCTS_DIR}/PromiseKit/PromiseKit.framework",
				"${BUILT_PRODUCTS_DIR}/ReachabilitySwift/Reachability.framework",
				"${BUILT_PRODUCTS_DIR}/SwiftObserver/SwiftObserver.framework",
				"${BUILT_PRODUCTS_DIR}/SwiftyToolz/SwiftyToolz.framework",
				"${BUILT_PRODUCTS_DIR}/UIObserver/UIObserver.framework",
				"${BUILT_PRODUCTS_DIR}/UIToolz/UIToolz.framework",
			);
			name = "[CP] Embed Pods Frameworks";
			outputPaths = (
				"${TARGET_BUILD_DIR}/${FRAMEWORKS_FOLDER_PATH}/CloudKid.framework",
				"${TARGET_BUILD_DIR}/${FRAMEWORKS_FOLDER_PATH}/FoundationToolz.framework",
				"${TARGET_BUILD_DIR}/${FRAMEWORKS_FOLDER_PATH}/GetLaid.framework",
				"${TARGET_BUILD_DIR}/${FRAMEWORKS_FOLDER_PATH}/PromiseKit.framework",
				"${TARGET_BUILD_DIR}/${FRAMEWORKS_FOLDER_PATH}/Reachability.framework",
				"${TARGET_BUILD_DIR}/${FRAMEWORKS_FOLDER_PATH}/SwiftObserver.framework",
				"${TARGET_BUILD_DIR}/${FRAMEWORKS_FOLDER_PATH}/SwiftyToolz.framework",
				"${TARGET_BUILD_DIR}/${FRAMEWORKS_FOLDER_PATH}/UIObserver.framework",
				"${TARGET_BUILD_DIR}/${FRAMEWORKS_FOLDER_PATH}/UIToolz.framework",
			);
			runOnlyForDeploymentPostprocessing = 0;
			shellPath = /bin/sh;
			shellScript = "\"${PODS_ROOT}/Target Support Files/Pods-Flowlist/Pods-Flowlist-frameworks.sh\"\n";
			showEnvVarsInLog = 0;
		};
/* End PBXShellScriptBuildPhase section */

/* Begin PBXSourcesBuildPhase section */
		9E542E8D1EEEE41C00534981 /* Sources */ = {
			isa = PBXSourcesBuildPhase;
			buildActionMask = 2147483647;
			files = (
				9E6E70AF2193803E00BDB0BA /* Item+CodableField.swift in Sources */,
				9EC5C8B821B0300D00615D20 /* Dialog+ICloudConflict.swift in Sources */,
				9EA1D3B0219EBFD000B5943C /* UserDefaultsPersisters.swift in Sources */,
				9E053B3321886963001B7103 /* CKItemDatabase.swift in Sources */,
				9E47E32422AAC0A20068088A /* ListViewCell.swift in Sources */,
				9E053B3A218870D0001B7103 /* main.swift in Sources */,
				9E053B502188715D001B7103 /* PurchaseView.swift in Sources */,
				9EF231A7218B1349006E783C /* Item.swift in Sources */,
				9E6C720B20B19C88001C3D2C /* Item+State.swift in Sources */,
				9EA63839216F8BB100D1503C /* List+Selection.swift in Sources */,
				9E053B432188711A001B7103 /* SelectionMenu.swift in Sources */,
				9E053B6F2188722D001B7103 /* Font+Style.swift in Sources */,
				9E053B5E218871C4001B7103 /* ListView.swift in Sources */,
				9EF231AF218B99B1006E783C /* DecodableItem.swift in Sources */,
				9EA1D3B2219EC26F00B5943C /* Persistent.swift in Sources */,
				9EC5C8B221B00ED800615D20 /* AlertDialog.swift in Sources */,
				9E053B5F218871C4001B7103 /* Header.swift in Sources */,
				9E053B4F2188715D001B7103 /* BulletpointList.swift in Sources */,
				9EC498A621147FE1003636FE /* Item+Pasteboard.swift in Sources */,
				9E82A7A91EF2A558006AEF02 /* List+Editing.swift in Sources */,
				9EF231A9218B570F006E783C /* Item+Encodable.swift in Sources */,
				9E51C14A22B5182700510EC8 /* AppInstallationID.swift in Sources */,
				9E053B65218871F5001B7103 /* Item+Export.swift in Sources */,
				9E6E70AB21936A8B00BDB0BA /* Record+Item.swift in Sources */,
				9E053B442188711A001B7103 /* HelpMenu.swift in Sources */,
				9EFE6DF122A3F64A005C224E /* CKDatabase+Item.swift in Sources */,
				9EF0AABE21883E6E00B707F4 /* HashMap.swift in Sources */,
				9E053B62218871C4001B7103 /* ItemTableContent.swift in Sources */,
				9E053B5D218871C4001B7103 /* Spacer.swift in Sources */,
				9EA7F99C20C19B210059166B /* Item+Clipboard.swift in Sources */,
				9E053B3521886AC4001B7103 /* PurchaseController.swift in Sources */,
				9EFB86DC21662AD100985B14 /* Tree.swift in Sources */,
				9E053B512188715D001B7103 /* PurchaseContentView.swift in Sources */,
				9E053B422188711A001B7103 /* ApplicationMenu.swift in Sources */,
				9E6E70AD21936CD300BDB0BA /* Record.swift in Sources */,
				9EF231AD218B785A006E783C /* Item+Creating.swift in Sources */,
				9EEBA1A72168EE860053B628 /* ItemData+Copyable.swift in Sources */,
				9EC5C8B621B00FE100615D20 /* Dialog.swift in Sources */,
				9EEA769F21922A5700642EE7 /* ItemFile.swift in Sources */,
				9E053B61218871C4001B7103 /* List+NSPasteboard.swift in Sources */,
				9E576E372186FAB400C9F876 /* Item+Matching.swift in Sources */,
				9EDB5D042174AF740048D7C5 /* Item+Text.swift in Sources */,
				9E053B3B218870D0001B7103 /* FlowlistController.swift in Sources */,
				9EE2EE5120B4AE35007CDC2F /* Float+Style.swift in Sources */,
				9E576E352186F85100C9F876 /* Storage.swift in Sources */,
				9E053B63218871C4001B7103 /* Row.swift in Sources */,
				9EF37C4E21A08EED00A43AA9 /* DataMenu.swift in Sources */,
				9E053B452188711A001B7103 /* Menu.swift in Sources */,
				9E053B23218867E4001B7103 /* ItemJSONFile.swift in Sources */,
				9E053B27218868D0001B7103 /* NSDecimalNumber+Price.swift in Sources */,
				9EA1D3A5219EA60500B5943C /* CKItemDatabase+ItemDatabase.swift in Sources */,
				9E18C3DC21D6604A00363F48 /* ReadableError.swift in Sources */,
				9E22D8AD218A4A2200C7DE7F /* KeyedEncodingContainer+SwiftyToolz.swift in Sources */,
				9E6C721020B1E66D001C3D2C /* Item+Debugging.swift in Sources */,
				9E053B2521886867001B7103 /* FullVersion.swift in Sources */,
				9E053B3721886BD4001B7103 /* SKProduct+FormattedPrice.swift in Sources */,
				9E654E1121A487070052607F /* StorageController.swift in Sources */,
				9E3F69332115ADE2002D595D /* Item+WelcomeTour.swift in Sources */,
				9E1ECC2421CFE79100D2E439 /* FileLogger.swift in Sources */,
				9E132D2721D3C40600B61D2D /* ExportAccessoryView.swift in Sources */,
				9EF96E7421A9F516005619C7 /* CKRecordZone+Item.swift in Sources */,
				9E053B6B21887210001B7103 /* TextView.swift in Sources */,
				9E47E32222AAAC530068088A /* BrowserView.swift in Sources */,
				9E053B4E2188715D001B7103 /* PriceTag.swift in Sources */,
				9E053B60218871C4001B7103 /* ItemTable.swift in Sources */,
				9E5768C220C15CDF00749C0C /* Tree+Hashable.swift in Sources */,
				9E3EB55E2181E89200681953 /* TextFormat.swift in Sources */,
				9E053B6C21887210001B7103 /* GroupIcon.swift in Sources */,
				9EF0AABC218838FA00B707F4 /* Store+Edit.swift in Sources */,
				9E053B6D21887210001B7103 /* ItemView.swift in Sources */,
				9E7651961EEF4DA200DE2B07 /* Store.swift in Sources */,
				9E053B462188711A001B7103 /* WindowMenu.swift in Sources */,
				9E5768C020C15B6300749C0C /* Browser+Debugging.swift in Sources */,
				9E053B3121886963001B7103 /* CKRecord+Item.swift in Sources */,
				9E132D2521D3C38200B61D2D /* TextFormat+Foundation.swift in Sources */,
				9E2CCE8D20C1DE030037D755 /* List+Clipboard.swift in Sources */,
				9EE60C0021ACE1AF0075109D /* ItemDatabase.swift in Sources */,
				9E6C720D20B1DDE2001C3D2C /* List.swift in Sources */,
				9E053B4921887133001B7103 /* FlowlistView.swift in Sources */,
				9E22D8AF218A4A9E00C7DE7F /* KeyedDecodingContainer+SwiftyToolz.swift in Sources */,
				9E5768BC20C14B9300749C0C /* Direction.swift in Sources */,
				9EBC70292056FD02007A1EA8 /* Browser.swift in Sources */,
				9E053B6A21887210001B7103 /* CheckBox.swift in Sources */,
				9EEBA1A32168DAE40053B628 /* ItemData.swift in Sources */,
				9E0D5AA120C160C800F0D827 /* Color+Style.swift in Sources */,
				9E053B472188711A001B7103 /* EditMenu.swift in Sources */,
				9EF2E8912187D293008D2780 /* Edit.swift in Sources */,
			);
			runOnlyForDeploymentPostprocessing = 0;
		};
		9ED6963D22BBF13A006D275E /* Sources */ = {
			isa = PBXSourcesBuildPhase;
			buildActionMask = 2147483647;
			files = (
			);
			runOnlyForDeploymentPostprocessing = 0;
		};
/* End PBXSourcesBuildPhase section */

/* Begin PBXTargetDependency section */
		9ED6964722BBF13A006D275E /* PBXTargetDependency */ = {
			isa = PBXTargetDependency;
			target = 9E542E901EEEE41C00534981 /* Flowlist */;
			targetProxy = 9ED6964622BBF13A006D275E /* PBXContainerItemProxy */;
		};
/* End PBXTargetDependency section */

/* Begin XCBuildConfiguration section */
		9E1BFE8320DBD6BD00D09EE2 /* Beta */ = {
			isa = XCBuildConfiguration;
			buildSettings = {
				ALWAYS_SEARCH_USER_PATHS = NO;
				CLANG_ANALYZER_LOCALIZABILITY_NONLOCALIZED = YES;
				CLANG_ANALYZER_NONNULL = YES;
				CLANG_CXX_LANGUAGE_STANDARD = "gnu++0x";
				CLANG_CXX_LIBRARY = "libc++";
				CLANG_ENABLE_MODULES = YES;
				CLANG_ENABLE_OBJC_ARC = YES;
				CLANG_WARN_BLOCK_CAPTURE_AUTORELEASING = YES;
				CLANG_WARN_BOOL_CONVERSION = YES;
				CLANG_WARN_COMMA = YES;
				CLANG_WARN_CONSTANT_CONVERSION = YES;
				CLANG_WARN_DEPRECATED_OBJC_IMPLEMENTATIONS = YES;
				CLANG_WARN_DIRECT_OBJC_ISA_USAGE = YES_ERROR;
				CLANG_WARN_DOCUMENTATION_COMMENTS = YES;
				CLANG_WARN_EMPTY_BODY = YES;
				CLANG_WARN_ENUM_CONVERSION = YES;
				CLANG_WARN_INFINITE_RECURSION = YES;
				CLANG_WARN_INT_CONVERSION = YES;
				CLANG_WARN_NON_LITERAL_NULL_CONVERSION = YES;
				CLANG_WARN_OBJC_IMPLICIT_RETAIN_SELF = YES;
				CLANG_WARN_OBJC_LITERAL_CONVERSION = YES;
				CLANG_WARN_OBJC_ROOT_CLASS = YES_ERROR;
				CLANG_WARN_RANGE_LOOP_ANALYSIS = YES;
				CLANG_WARN_STRICT_PROTOTYPES = YES;
				CLANG_WARN_SUSPICIOUS_MOVE = YES;
				CLANG_WARN_UNREACHABLE_CODE = YES;
				CLANG_WARN__DUPLICATE_METHOD_MATCH = YES;
				CODE_SIGN_IDENTITY = "-";
				CODE_SIGN_STYLE = Manual;
				COPY_PHASE_STRIP = NO;
				DEBUG_INFORMATION_FORMAT = dwarf;
				DEVELOPMENT_TEAM = 8T3R57GCBV;
				ENABLE_STRICT_OBJC_MSGSEND = YES;
				ENABLE_TESTABILITY = YES;
				GCC_C_LANGUAGE_STANDARD = gnu99;
				GCC_DYNAMIC_NO_PIC = NO;
				GCC_NO_COMMON_BLOCKS = YES;
				GCC_OPTIMIZATION_LEVEL = s;
				GCC_PREPROCESSOR_DEFINITIONS = (
					"BETA=1",
					"$(inherited)",
				);
				GCC_WARN_64_TO_32_BIT_CONVERSION = YES;
				GCC_WARN_ABOUT_RETURN_TYPE = YES_ERROR;
				GCC_WARN_UNDECLARED_SELECTOR = YES;
				GCC_WARN_UNINITIALIZED_AUTOS = YES_AGGRESSIVE;
				GCC_WARN_UNUSED_FUNCTION = YES;
				GCC_WARN_UNUSED_VARIABLE = YES;
				MACOSX_DEPLOYMENT_TARGET = 10.12;
				MTL_ENABLE_DEBUG_INFO = NO;
				ONLY_ACTIVE_ARCH = YES;
				SDKROOT = macosx;
				SWIFT_ACTIVE_COMPILATION_CONDITIONS = BETA;
				SWIFT_OPTIMIZATION_LEVEL = "-Onone";
			};
			name = Beta;
		};
		9E1BFE8420DBD6BD00D09EE2 /* Beta */ = {
			isa = XCBuildConfiguration;
			baseConfigurationReference = E46682D8127B754B09986C90 /* Pods-Flowlist.beta.xcconfig */;
			buildSettings = {
				ALWAYS_EMBED_SWIFT_STANDARD_LIBRARIES = "$(inherited)";
				ASSETCATALOG_COMPILER_APPICON_NAME = AppIcon;
				CODE_SIGN_ENTITLEMENTS = Resources/Flowlist.entitlements;
				CODE_SIGN_IDENTITY = "Mac Developer: Sebastian Fichtner (8J9665RC9C)";
				CODE_SIGN_STYLE = Manual;
				COMBINE_HIDPI_IMAGES = YES;
				COPY_PHASE_STRIP = NO;
				DEAD_CODE_STRIPPING = NO;
				DEBUG_INFORMATION_FORMAT = dwarf;
				DEPLOYMENT_POSTPROCESSING = YES;
				DEVELOPMENT_TEAM = 8T3R57GCBV;
				ENABLE_NS_ASSERTIONS = NO;
				ENABLE_TESTABILITY = YES;
				INFOPLIST_FILE = Resources/Info.plist;
				LD_RUNPATH_SEARCH_PATHS = "$(inherited) @executable_path/../Frameworks";
				MTL_ENABLE_DEBUG_INFO = YES;
				ONLY_ACTIVE_ARCH = NO;
				PRODUCT_BUNDLE_IDENTIFIER = com.flowtoolz.flowlist;
				PRODUCT_NAME = "$(TARGET_NAME)";
				PROVISIONING_PROFILE_SPECIFIER = "Flowlist Mac Development Provisioning Profile";
				SWIFT_COMPILATION_MODE = wholemodule;
				SWIFT_OPTIMIZATION_LEVEL = "-Osize";
				SWIFT_VERSION = 5.0;
			};
			name = Beta;
		};
		9E542EAA1EEEE41C00534981 /* Debug */ = {
			isa = XCBuildConfiguration;
			buildSettings = {
				ALWAYS_SEARCH_USER_PATHS = NO;
				CLANG_ANALYZER_LOCALIZABILITY_NONLOCALIZED = YES;
				CLANG_ANALYZER_NONNULL = YES;
				CLANG_CXX_LANGUAGE_STANDARD = "gnu++0x";
				CLANG_CXX_LIBRARY = "libc++";
				CLANG_ENABLE_MODULES = YES;
				CLANG_ENABLE_OBJC_ARC = YES;
				CLANG_WARN_BLOCK_CAPTURE_AUTORELEASING = YES;
				CLANG_WARN_BOOL_CONVERSION = YES;
				CLANG_WARN_COMMA = YES;
				CLANG_WARN_CONSTANT_CONVERSION = YES;
				CLANG_WARN_DEPRECATED_OBJC_IMPLEMENTATIONS = YES;
				CLANG_WARN_DIRECT_OBJC_ISA_USAGE = YES_ERROR;
				CLANG_WARN_DOCUMENTATION_COMMENTS = YES;
				CLANG_WARN_EMPTY_BODY = YES;
				CLANG_WARN_ENUM_CONVERSION = YES;
				CLANG_WARN_INFINITE_RECURSION = YES;
				CLANG_WARN_INT_CONVERSION = YES;
				CLANG_WARN_NON_LITERAL_NULL_CONVERSION = YES;
				CLANG_WARN_OBJC_IMPLICIT_RETAIN_SELF = YES;
				CLANG_WARN_OBJC_LITERAL_CONVERSION = YES;
				CLANG_WARN_OBJC_ROOT_CLASS = YES_ERROR;
				CLANG_WARN_RANGE_LOOP_ANALYSIS = YES;
				CLANG_WARN_STRICT_PROTOTYPES = YES;
				CLANG_WARN_SUSPICIOUS_MOVE = YES;
				CLANG_WARN_UNREACHABLE_CODE = YES;
				CLANG_WARN__DUPLICATE_METHOD_MATCH = YES;
				CODE_SIGN_IDENTITY = "-";
				CODE_SIGN_STYLE = Manual;
				COPY_PHASE_STRIP = NO;
				DEBUG_INFORMATION_FORMAT = dwarf;
				DEVELOPMENT_TEAM = 8T3R57GCBV;
				ENABLE_STRICT_OBJC_MSGSEND = YES;
				ENABLE_TESTABILITY = YES;
				GCC_C_LANGUAGE_STANDARD = gnu99;
				GCC_DYNAMIC_NO_PIC = NO;
				GCC_NO_COMMON_BLOCKS = YES;
				GCC_OPTIMIZATION_LEVEL = 0;
				GCC_PREPROCESSOR_DEFINITIONS = (
					"DEBUG=1",
					"$(inherited)",
				);
				GCC_WARN_64_TO_32_BIT_CONVERSION = YES;
				GCC_WARN_ABOUT_RETURN_TYPE = YES_ERROR;
				GCC_WARN_UNDECLARED_SELECTOR = YES;
				GCC_WARN_UNINITIALIZED_AUTOS = YES_AGGRESSIVE;
				GCC_WARN_UNUSED_FUNCTION = YES;
				GCC_WARN_UNUSED_VARIABLE = YES;
				MACOSX_DEPLOYMENT_TARGET = 10.12;
				MTL_ENABLE_DEBUG_INFO = YES;
				ONLY_ACTIVE_ARCH = YES;
				SDKROOT = macosx;
				SWIFT_ACTIVE_COMPILATION_CONDITIONS = DEBUG;
				SWIFT_OPTIMIZATION_LEVEL = "-Onone";
			};
			name = Debug;
		};
		9E542EAB1EEEE41C00534981 /* Release */ = {
			isa = XCBuildConfiguration;
			buildSettings = {
				ALWAYS_SEARCH_USER_PATHS = NO;
				CLANG_ANALYZER_LOCALIZABILITY_NONLOCALIZED = YES;
				CLANG_ANALYZER_NONNULL = YES;
				CLANG_CXX_LANGUAGE_STANDARD = "gnu++0x";
				CLANG_CXX_LIBRARY = "libc++";
				CLANG_ENABLE_MODULES = YES;
				CLANG_ENABLE_OBJC_ARC = YES;
				CLANG_WARN_BLOCK_CAPTURE_AUTORELEASING = YES;
				CLANG_WARN_BOOL_CONVERSION = YES;
				CLANG_WARN_COMMA = YES;
				CLANG_WARN_CONSTANT_CONVERSION = YES;
				CLANG_WARN_DEPRECATED_OBJC_IMPLEMENTATIONS = YES;
				CLANG_WARN_DIRECT_OBJC_ISA_USAGE = YES_ERROR;
				CLANG_WARN_DOCUMENTATION_COMMENTS = YES;
				CLANG_WARN_EMPTY_BODY = YES;
				CLANG_WARN_ENUM_CONVERSION = YES;
				CLANG_WARN_INFINITE_RECURSION = YES;
				CLANG_WARN_INT_CONVERSION = YES;
				CLANG_WARN_NON_LITERAL_NULL_CONVERSION = YES;
				CLANG_WARN_OBJC_IMPLICIT_RETAIN_SELF = YES;
				CLANG_WARN_OBJC_LITERAL_CONVERSION = YES;
				CLANG_WARN_OBJC_ROOT_CLASS = YES_ERROR;
				CLANG_WARN_RANGE_LOOP_ANALYSIS = YES;
				CLANG_WARN_STRICT_PROTOTYPES = YES;
				CLANG_WARN_SUSPICIOUS_MOVE = YES;
				CLANG_WARN_UNREACHABLE_CODE = YES;
				CLANG_WARN__DUPLICATE_METHOD_MATCH = YES;
				CODE_SIGN_IDENTITY = "-";
				CODE_SIGN_STYLE = Manual;
				COPY_PHASE_STRIP = NO;
				DEBUG_INFORMATION_FORMAT = "dwarf-with-dsym";
				DEVELOPMENT_TEAM = 8T3R57GCBV;
				ENABLE_NS_ASSERTIONS = NO;
				ENABLE_STRICT_OBJC_MSGSEND = YES;
				GCC_C_LANGUAGE_STANDARD = gnu99;
				GCC_NO_COMMON_BLOCKS = YES;
				GCC_PREPROCESSOR_DEFINITIONS = "RELEASE=1";
				GCC_WARN_64_TO_32_BIT_CONVERSION = YES;
				GCC_WARN_ABOUT_RETURN_TYPE = YES_ERROR;
				GCC_WARN_UNDECLARED_SELECTOR = YES;
				GCC_WARN_UNINITIALIZED_AUTOS = YES_AGGRESSIVE;
				GCC_WARN_UNUSED_FUNCTION = YES;
				GCC_WARN_UNUSED_VARIABLE = YES;
				MACOSX_DEPLOYMENT_TARGET = 10.12;
				MTL_ENABLE_DEBUG_INFO = NO;
				SDKROOT = macosx;
				SWIFT_ACTIVE_COMPILATION_CONDITIONS = RELEASE;
				SWIFT_OPTIMIZATION_LEVEL = "-Owholemodule";
			};
			name = Release;
		};
		9E542EAD1EEEE41C00534981 /* Debug */ = {
			isa = XCBuildConfiguration;
			baseConfigurationReference = 78B3E83C8B5F1E96FF074B6D /* Pods-Flowlist.debug.xcconfig */;
			buildSettings = {
				ALWAYS_EMBED_SWIFT_STANDARD_LIBRARIES = "$(inherited)";
				ASSETCATALOG_COMPILER_APPICON_NAME = AppIcon;
				CODE_SIGN_ENTITLEMENTS = Resources/Flowlist.entitlements;
				CODE_SIGN_IDENTITY = "Mac Developer: Sebastian Fichtner (8J9665RC9C)";
				CODE_SIGN_STYLE = Manual;
				COMBINE_HIDPI_IMAGES = YES;
				DEVELOPMENT_TEAM = 8T3R57GCBV;
				INFOPLIST_FILE = Resources/Info.plist;
				LD_RUNPATH_SEARCH_PATHS = "$(inherited) @executable_path/../Frameworks";
				PRODUCT_BUNDLE_IDENTIFIER = com.flowtoolz.flowlist;
				PRODUCT_NAME = "$(TARGET_NAME)";
				PROVISIONING_PROFILE_SPECIFIER = "Flowlist Mac Development Provisioning Profile";
				SWIFT_VERSION = 5.0;
			};
			name = Debug;
		};
		9E542EAE1EEEE41C00534981 /* Release */ = {
			isa = XCBuildConfiguration;
			baseConfigurationReference = 31D7BF377971DCFFFFB9F309 /* Pods-Flowlist.release.xcconfig */;
			buildSettings = {
				ALWAYS_EMBED_SWIFT_STANDARD_LIBRARIES = "$(inherited)";
				ASSETCATALOG_COMPILER_APPICON_NAME = AppIcon;
				CODE_SIGN_ENTITLEMENTS = Resources/Flowlist.entitlements;
				CODE_SIGN_IDENTITY = "3rd Party Mac Developer Application: Sebastian Fichtner (8T3R57GCBV)";
				CODE_SIGN_STYLE = Manual;
				COMBINE_HIDPI_IMAGES = YES;
				COPY_PHASE_STRIP = YES;
				DEAD_CODE_STRIPPING = YES;
				DEPLOYMENT_POSTPROCESSING = YES;
				DEVELOPMENT_TEAM = 8T3R57GCBV;
				INFOPLIST_FILE = Resources/Info.plist;
				LD_RUNPATH_SEARCH_PATHS = "$(inherited) @executable_path/../Frameworks";
				PRODUCT_BUNDLE_IDENTIFIER = com.flowtoolz.flowlist;
				PRODUCT_NAME = "$(TARGET_NAME)";
				PROVISIONING_PROFILE = "dd797d11-2c00-486f-af88-369419b34f85";
				PROVISIONING_PROFILE_SPECIFIER = "Flowlist AppStore iCloud Provisioning Profile";
				SWIFT_OPTIMIZATION_LEVEL = "-Osize";
				SWIFT_VERSION = 5.0;
			};
			name = Release;
		};
		9ED6964922BBF13A006D275E /* Debug */ = {
			isa = XCBuildConfiguration;
			buildSettings = {
				BUNDLE_LOADER = "$(TEST_HOST)";
				CLANG_ANALYZER_NUMBER_OBJECT_CONVERSION = YES_AGGRESSIVE;
				CLANG_CXX_LANGUAGE_STANDARD = "gnu++14";
				CLANG_ENABLE_OBJC_WEAK = YES;
				CLANG_WARN_UNGUARDED_AVAILABILITY = YES_AGGRESSIVE;
				CODE_SIGN_IDENTITY = "Mac Developer";
				CODE_SIGN_STYLE = Manual;
				COMBINE_HIDPI_IMAGES = YES;
				DEVELOPMENT_TEAM = 8T3R57GCBV;
				GCC_C_LANGUAGE_STANDARD = gnu11;
				INFOPLIST_FILE = FlowlistTests/Info.plist;
				LD_RUNPATH_SEARCH_PATHS = "$(inherited) @executable_path/../Frameworks @loader_path/../Frameworks";
				MACOSX_DEPLOYMENT_TARGET = 10.12;
				MTL_ENABLE_DEBUG_INFO = INCLUDE_SOURCE;
				MTL_FAST_MATH = YES;
				PRODUCT_BUNDLE_IDENTIFIER = com.flowtoolz.FlowlistTests;
				PRODUCT_NAME = "$(TARGET_NAME)";
				PROVISIONING_PROFILE_SPECIFIER = "";
				SWIFT_VERSION = 5.0;
				TEST_HOST = "$(BUILT_PRODUCTS_DIR)/Flowlist.app/Contents/MacOS/Flowlist";
			};
			name = Debug;
		};
		9ED6964A22BBF13A006D275E /* Beta */ = {
			isa = XCBuildConfiguration;
			buildSettings = {
				BUNDLE_LOADER = "$(TEST_HOST)";
				CLANG_ANALYZER_NUMBER_OBJECT_CONVERSION = YES_AGGRESSIVE;
				CLANG_CXX_LANGUAGE_STANDARD = "gnu++14";
				CLANG_ENABLE_OBJC_WEAK = YES;
				CLANG_WARN_UNGUARDED_AVAILABILITY = YES_AGGRESSIVE;
				CODE_SIGN_IDENTITY = "Mac Developer";
				CODE_SIGN_STYLE = Manual;
				COMBINE_HIDPI_IMAGES = YES;
				DEVELOPMENT_TEAM = 8T3R57GCBV;
				GCC_C_LANGUAGE_STANDARD = gnu11;
				INFOPLIST_FILE = FlowlistTests/Info.plist;
				LD_RUNPATH_SEARCH_PATHS = "$(inherited) @executable_path/../Frameworks @loader_path/../Frameworks";
				MACOSX_DEPLOYMENT_TARGET = 10.12;
				MTL_FAST_MATH = YES;
				PRODUCT_BUNDLE_IDENTIFIER = com.flowtoolz.FlowlistTests;
				PRODUCT_NAME = "$(TARGET_NAME)";
				PROVISIONING_PROFILE_SPECIFIER = "";
				SWIFT_VERSION = 5.0;
				TEST_HOST = "$(BUILT_PRODUCTS_DIR)/Flowlist.app/Contents/MacOS/Flowlist";
			};
			name = Beta;
		};
		9ED6964B22BBF13A006D275E /* Release */ = {
			isa = XCBuildConfiguration;
			buildSettings = {
				BUNDLE_LOADER = "$(TEST_HOST)";
				CLANG_ANALYZER_NUMBER_OBJECT_CONVERSION = YES_AGGRESSIVE;
				CLANG_CXX_LANGUAGE_STANDARD = "gnu++14";
				CLANG_ENABLE_OBJC_WEAK = YES;
				CLANG_WARN_UNGUARDED_AVAILABILITY = YES_AGGRESSIVE;
				CODE_SIGN_IDENTITY = "Mac Developer";
				CODE_SIGN_STYLE = Manual;
				COMBINE_HIDPI_IMAGES = YES;
				DEVELOPMENT_TEAM = 8T3R57GCBV;
				GCC_C_LANGUAGE_STANDARD = gnu11;
				INFOPLIST_FILE = FlowlistTests/Info.plist;
				LD_RUNPATH_SEARCH_PATHS = "$(inherited) @executable_path/../Frameworks @loader_path/../Frameworks";
				MACOSX_DEPLOYMENT_TARGET = 10.12;
				MTL_FAST_MATH = YES;
				PRODUCT_BUNDLE_IDENTIFIER = com.flowtoolz.FlowlistTests;
				PRODUCT_NAME = "$(TARGET_NAME)";
				PROVISIONING_PROFILE_SPECIFIER = "";
				SWIFT_VERSION = 5.0;
				TEST_HOST = "$(BUILT_PRODUCTS_DIR)/Flowlist.app/Contents/MacOS/Flowlist";
			};
			name = Release;
		};
/* End XCBuildConfiguration section */

/* Begin XCConfigurationList section */
		9E542E8C1EEEE41C00534981 /* Build configuration list for PBXProject "Flowlist" */ = {
			isa = XCConfigurationList;
			buildConfigurations = (
				9E542EAA1EEEE41C00534981 /* Debug */,
				9E1BFE8320DBD6BD00D09EE2 /* Beta */,
				9E542EAB1EEEE41C00534981 /* Release */,
			);
			defaultConfigurationIsVisible = 0;
			defaultConfigurationName = Release;
		};
		9E542EAC1EEEE41C00534981 /* Build configuration list for PBXNativeTarget "Flowlist" */ = {
			isa = XCConfigurationList;
			buildConfigurations = (
				9E542EAD1EEEE41C00534981 /* Debug */,
				9E1BFE8420DBD6BD00D09EE2 /* Beta */,
				9E542EAE1EEEE41C00534981 /* Release */,
			);
			defaultConfigurationIsVisible = 0;
			defaultConfigurationName = Release;
		};
		9ED6964822BBF13A006D275E /* Build configuration list for PBXNativeTarget "FlowlistTests" */ = {
			isa = XCConfigurationList;
			buildConfigurations = (
				9ED6964922BBF13A006D275E /* Debug */,
				9ED6964A22BBF13A006D275E /* Beta */,
				9ED6964B22BBF13A006D275E /* Release */,
			);
			defaultConfigurationIsVisible = 0;
			defaultConfigurationName = Release;
		};
/* End XCConfigurationList section */
	};
	rootObject = 9E542E891EEEE41C00534981 /* Project object */;
}
